{"SurveyEntry":{"SurveyID":"SV_6gLhSBnKlbaKzCl","SurveyName":"Multiple Choice with Not Applicable","SurveyDescription":null,"SurveyOwnerID":"URH_1ZGPAOYl17mfMyw","SurveyBrandID":"tuftsir","DivisionID":null,"SurveyLanguage":"EN","SurveyActiveResponseSet":"RS_8nPRVN2s3wHsmcl","SurveyStatus":"Inactive","SurveyStartDate":"0000-00-00 00:00:00","SurveyExpirationDate":"0000-00-00 00:00:00","SurveyCreationDate":"2020-03-02 11:23:38","CreatorID":"URH_1ZGPAOYl17mfMyw","LastModified":"2020-03-02 12:39:29","LastAccessed":"0000-00-00 00:00:00","LastActivated":"0000-00-00 00:00:00","Deleted":null},"SurveyElements":[{"SurveyID":"SV_6gLhSBnKlbaKzCl","Element":"BL","PrimaryAttribute":"Survey Blocks","SecondaryAttribute":null,"TertiaryAttribute":null,"Payload":[{"Type":"Default","Description":"Default Question Block","ID":"BL_6D9dSSPU90V2SON","BlockElements":[{"Type":"Question","QuestionID":"QID1"},{"Type":"Question","QuestionID":"QID2"},{"Type":"Question","QuestionID":"QID3"},{"Type":"Question","QuestionID":"QID4"},{"Type":"Question","QuestionID":"QID5"},{"Type":"Question","QuestionID":"QID6"}]},{"Type":"Trash","Description":"Trash \/ Unused Questions","ID":"BL_6JeMu2szRH7KCwJ"}]},{"SurveyID":"SV_6gLhSBnKlbaKzCl","Element":"FL","PrimaryAttribute":"Survey Flow","SecondaryAttribute":null,"TertiaryAttribute":null,"Payload":{"Flow":[{"ID":"BL_6D9dSSPU90V2SON","Type":"Block","FlowID":"FL_2"}],"Properties":{"Count":2},"FlowID":"FL_1","Type":"Root"}},{"SurveyID":"SV_6gLhSBnKlbaKzCl","Element":"SO","PrimaryAttribute":"Survey Options","SecondaryAttribute":null,"TertiaryAttribute":null,"Payload":{"BackButton":"false","SaveAndContinue":"true","SurveyProtection":"PublicSurvey","BallotBoxStuffingPrevention":"false","NoIndex":"Yes","SecureResponseFiles":"true","SurveyExpiration":"None","SurveyTermination":"DefaultMessage","Header":"","Footer":"","ProgressBarDisplay":"None","PartialData":"+1 week","ValidationMessage":"","PreviousButton":" \u2190 ","NextButton":" \u2192 ","SurveyTitle":"Online Survey Software | Qualtrics Survey Solutions","SkinLibrary":"tuftsir","SkinType":"MQ","Skin":"tuftsir5","NewScoring":1,"SurveyName":"Multiple Choice with Not Applicable","ProtectSelectionIds":true}},{"SurveyID":"SV_6gLhSBnKlbaKzCl","Element":"SCO","PrimaryAttribute":"Scoring","SecondaryAttribute":null,"TertiaryAttribute":null,"Payload":{"ScoringCategories":[],"ScoringCategoryGroups":[],"ScoringSummaryCategory":null,"ScoringSummaryAfterQuestions":0,"ScoringSummaryAfterSurvey":0,"DefaultScoringCategory":null,"AutoScoringCategory":null}},{"SurveyID":"SV_6gLhSBnKlbaKzCl","Element":"PROJ","PrimaryAttribute":"CORE","SecondaryAttribute":null,"TertiaryAttribute":"1.1.0","Payload":{"ProjectCategory":"CORE","SchemaVersion":"1.1.0"}},{"SurveyID":"SV_6gLhSBnKlbaKzCl","Element":"STAT","PrimaryAttribute":"Survey Statistics","SecondaryAttribute":null,"TertiaryAttribute":null,"Payload":{"MobileCompatible":false,"ID":"Survey Statistics"}},{"SurveyID":"SV_6gLhSBnKlbaKzCl","Element":"QC","PrimaryAttribute":"Survey Question Count","SecondaryAttribute":"6","TertiaryAttribute":null,"Payload":null},{"SurveyID":"SV_6gLhSBnKlbaKzCl","Element":"RS","PrimaryAttribute":"RS_8nPRVN2s3wHsmcl","SecondaryAttribute":"Default Response Set","TertiaryAttribute":null,"Payload":null},{"SurveyID":"SV_6gLhSBnKlbaKzCl","Element":"SQ","PrimaryAttribute":"QID6","SecondaryAttribute":"Matrix single answer question coded with regular responses","TertiaryAttribute":null,"Payload":{"QuestionText":"Matrix single answer question coded with regular responses","DefaultChoices":false,"DataExportTag":"Q6","QuestionID":"QID6","QuestionType":"Matrix","Selector":"Likert","SubSelector":"SingleAnswer","Configuration":{"QuestionDescriptionOption":"UseText","TextPosition":"inline","ChoiceColumnWidth":25,"RepeatHeaders":"none","WhiteSpace":"OFF","MobileFirst":true},"QuestionDescription":"Matrix single answer question coded with regular responses","Choices":{"1":{"Display":"What do you do?"}},"ChoiceOrder":["1"],"Validation":{"Settings":{"ForceResponse":"OFF","ForceResponseType":"ON","Type":"None"}},"RecodeValues":{"1":"1","2":"2","3":"3","4":"4"},"GradingData":[],"Language":[],"NextChoiceId":4,"NextAnswerId":5,"Answers":{"1":{"Display":"Soccer"},"2":{"Display":"Frisbee"},"3":{"Display":"Climbing"},"4":{"Display":"Running"}},"AnswerOrder":["1","2","3","4"],"ChoiceDataExportTags":false}},{"SurveyID":"SV_6gLhSBnKlbaKzCl","Element":"SQ","PrimaryAttribute":"QID5","SecondaryAttribute":"Matrix single answer question with n\/a option coded","TertiaryAttribute":null,"Payload":{"QuestionText":"Matrix single answer question with n\/a option coded","DefaultChoices":false,"DataExportTag":"Q5","QuestionType":"Matrix","Selector":"Likert","SubSelector":"SingleAnswer","Configuration":{"QuestionDescriptionOption":"UseText","TextPosition":"inline","ChoiceColumnWidth":25,"RepeatHeaders":"none","WhiteSpace":"OFF","MobileFirst":true},"QuestionDescription":"Matrix single answer question with n\/a option coded","Choices":{"1":{"Display":"What do you think?"}},"ChoiceOrder":["1"],"Validation":{"Settings":{"ForceResponse":"OFF","ForceResponseType":"ON","Type":"None"}},"GradingData":[],"Language":[],"NextChoiceId":6,"NextAnswerId":5,"Answers":{"1":{"Display":"Yes"},"2":{"Display":"Maybe"},"3":{"Display":"No"},"4":{"Display":"na - did not use"}},"AnswerOrder":["1","2","3","4"],"ChoiceDataExportTags":false,"QuestionID":"QID5","RecodeValues":{"1":"3","2":"2","3":"1","4":"-1"}}},{"SurveyID":"SV_6gLhSBnKlbaKzCl","Element":"SQ","PrimaryAttribute":"QID3","SecondaryAttribute":"Multiple choice coded with regular responses","TertiaryAttribute":null,"Payload":{"QuestionText":"Multiple choice coded with regular responses","DataExportTag":"Q3","QuestionType":"MC","Selector":"SAVR","SubSelector":"TX","Configuration":{"QuestionDescriptionOption":"UseText"},"QuestionDescription":"Multiple choice coded with regular responses","Choices":{"1":{"Display":"Soccer"},"2":{"Display":"Frisbee"},"3":{"Display":"Climbing"},"4":{"Display":"Running"}},"ChoiceOrder":["1","2","3","4"],"Validation":{"Settings":{"ForceResponse":"OFF","ForceResponseType":"ON","Type":"None"}},"RecodeValues":{"1":"1","2":"2","3":"3","4":"4"},"Language":[],"NextChoiceId":5,"NextAnswerId":1,"QuestionID":"QID3"}},{"SurveyID":"SV_6gLhSBnKlbaKzCl","Element":"SQ","PrimaryAttribute":"QID1","SecondaryAttribute":"Multiple choice regular no recodes","TertiaryAttribute":null,"Payload":{"QuestionText":"Multiple choice regular no recodes","DataExportTag":"Q1","QuestionType":"MC","Selector":"SAVR","SubSelector":"TX","Configuration":{"QuestionDescriptionOption":"UseText"},"QuestionDescription":"Multiple choice regular no recodes","Choices":{"1":{"Display":"Apples"},"2":{"Display":"Oranges"},"3":{"Display":"Pears"},"4":{"Display":"Grapefruit"}},"ChoiceOrder":[1,2,3,4],"Validation":{"Settings":{"ForceResponse":"OFF","ForceResponseType":"ON","Type":"None"}},"Language":[],"NextChoiceId":5,"NextAnswerId":1,"QuestionID":"QID1","DataVisibility":{"Private":false,"Hidden":false}}},{"SurveyID":"SV_6gLhSBnKlbaKzCl","Element":"SQ","PrimaryAttribute":"QID2","SecondaryAttribute":"Multiple choice with n\/a option coded","TertiaryAttribute":null,"Payload":{"QuestionText":"Multiple choice with n\/a option coded","DataExportTag":"Q2","QuestionType":"MC","Selector":"SAVR","SubSelector":"TX","Configuration":{"QuestionDescriptionOption":"UseText"},"QuestionDescription":"Multiple choice with n\/a option coded","Choices":{"1":{"Display":"Yes"},"2":{"Display":"Maybe"},"3":{"Display":"No"},"4":{"Display":"na - did not use"}},"ChoiceOrder":[1,2,3,4],"Validation":{"Settings":{"ForceResponse":"OFF","ForceResponseType":"ON","Type":"None"}},"RecodeValues":{"1":"3","2":"2","3":"1","4":"-1"},"Language":[],"NextChoiceId":5,"NextAnswerId":1,"QuestionID":"QID2"}},{"SurveyID":"SV_6gLhSBnKlbaKzCl","Element":"SQ","PrimaryAttribute":"QID4","SecondaryAttribute":"Regular matrix single answer question","TertiaryAttribute":null,"Payload":{"QuestionText":"Regular matrix single answer question","DefaultChoices":false,"DataExportTag":"Q4","QuestionType":"Matrix","Selector":"Likert","SubSelector":"SingleAnswer","Configuration":{"QuestionDescriptionOption":"UseText","TextPosition":"inline","ChoiceColumnWidth":25,"RepeatHeaders":"none","WhiteSpace":"OFF","MobileFirst":true},"QuestionDescription":"Regular matrix single answer question","Choices":{"1":{"Display":"What type of fruit?"}},"ChoiceOrder":["1"],"Validation":{"Settings":{"ForceResponse":"OFF","ForceResponseType":"ON","Type":"None"}},"GradingData":[],"Language":[],"NextChoiceId":5,"NextAnswerId":5,"Answers":{"1":{"Display":"Apples"},"2":{"Display":"Oranges"},"3":{"Display":"Pears"},"4":{"Display":"Grapefruit"}},"AnswerOrder":["1","2","3","4"],"ChoiceDataExportTags":false,"QuestionID":"QID4"}}]}