{"SurveyEntry":{"SurveyID":"SV_2bj9JgvqkMW5xwF","SurveyName":"Multiple Answer Multiple Choice with Recodes > 900","SurveyDescription":null,"SurveyOwnerID":"URH_1ZGPAOYl17mfMyw","SurveyBrandID":"tuftsir","DivisionID":null,"SurveyLanguage":"EN","SurveyActiveResponseSet":"RS_3l1IEdknMRWulsV","SurveyStatus":"Inactive","SurveyStartDate":"0000-00-00 00:00:00","SurveyExpirationDate":"0000-00-00 00:00:00","SurveyCreationDate":"2020-03-09 12:19:57","CreatorID":"URH_1ZGPAOYl17mfMyw","LastModified":"2020-03-09 12:28:06","LastAccessed":"0000-00-00 00:00:00","LastActivated":"0000-00-00 00:00:00","Deleted":null},"SurveyElements":[{"SurveyID":"SV_2bj9JgvqkMW5xwF","Element":"BL","PrimaryAttribute":"Survey Blocks","SecondaryAttribute":null,"TertiaryAttribute":null,"Payload":[{"Type":"Default","Description":"Default Question Block","ID":"BL_9pnoRP0pE6pi5Fz","BlockElements":[{"Type":"Question","QuestionID":"QID1"},{"Type":"Question","QuestionID":"QID2"},{"Type":"Question","QuestionID":"QID3"},{"Type":"Question","QuestionID":"QID4"}]},{"Type":"Trash","Description":"Trash \/ Unused Questions","ID":"BL_5d0GtJ3KNleCoC1"}]},{"SurveyID":"SV_2bj9JgvqkMW5xwF","Element":"FL","PrimaryAttribute":"Survey Flow","SecondaryAttribute":null,"TertiaryAttribute":null,"Payload":{"Flow":[{"ID":"BL_9pnoRP0pE6pi5Fz","Type":"Block","FlowID":"FL_2"}],"Properties":{"Count":2},"FlowID":"FL_1","Type":"Root"}},{"SurveyID":"SV_2bj9JgvqkMW5xwF","Element":"SO","PrimaryAttribute":"Survey Options","SecondaryAttribute":null,"TertiaryAttribute":null,"Payload":{"BackButton":"false","SaveAndContinue":"true","SurveyProtection":"PublicSurvey","BallotBoxStuffingPrevention":"false","NoIndex":"Yes","SecureResponseFiles":"true","SurveyExpiration":"None","SurveyTermination":"DefaultMessage","Header":"","Footer":"","ProgressBarDisplay":"None","PartialData":"+1 week","ValidationMessage":"","PreviousButton":" \u2190 ","NextButton":" \u2192 ","SurveyTitle":"Online Survey Software | Qualtrics Survey Solutions","SkinLibrary":"tuftsir","SkinType":"MQ","Skin":"tuftsir5","NewScoring":1}},{"SurveyID":"SV_2bj9JgvqkMW5xwF","Element":"SCO","PrimaryAttribute":"Scoring","SecondaryAttribute":null,"TertiaryAttribute":null,"Payload":{"ScoringCategories":[],"ScoringCategoryGroups":[],"ScoringSummaryCategory":null,"ScoringSummaryAfterQuestions":0,"ScoringSummaryAfterSurvey":0,"DefaultScoringCategory":null,"AutoScoringCategory":null}},{"SurveyID":"SV_2bj9JgvqkMW5xwF","Element":"PROJ","PrimaryAttribute":"CORE","SecondaryAttribute":null,"TertiaryAttribute":"1.1.0","Payload":{"ProjectCategory":"CORE","SchemaVersion":"1.1.0"}},{"SurveyID":"SV_2bj9JgvqkMW5xwF","Element":"STAT","PrimaryAttribute":"Survey Statistics","SecondaryAttribute":null,"TertiaryAttribute":null,"Payload":{"MobileCompatible":true,"ID":"Survey Statistics"}},{"SurveyID":"SV_2bj9JgvqkMW5xwF","Element":"QC","PrimaryAttribute":"Survey Question Count","SecondaryAttribute":"4","TertiaryAttribute":null,"Payload":null},{"SurveyID":"SV_2bj9JgvqkMW5xwF","Element":"RS","PrimaryAttribute":"RS_3l1IEdknMRWulsV","SecondaryAttribute":"Default Response Set","TertiaryAttribute":null,"Payload":null},{"SurveyID":"SV_2bj9JgvqkMW5xwF","Element":"SQ","PrimaryAttribute":"QID1","SecondaryAttribute":"Here is how a regular question looks like.","TertiaryAttribute":null,"Payload":{"QuestionText":"Here is how a regular question looks like.","DefaultChoices":false,"DataExportTag":"Q1","QuestionType":"MC","Selector":"MAVR","Configuration":{"QuestionDescriptionOption":"UseText","Autoscale":{"YScale":{"Name":"hedonic","Type":"likert","Reverse":false}}},"QuestionDescription":"Here is how a regular question looks like.","Choices":{"1":{"Display":"Like a great deal"},"2":{"Display":"Like a moderate amount"},"3":{"Display":"Like a little"},"4":{"Display":"Neither like nor dislike"},"5":{"Display":"Dislike a little"},"6":{"Display":"Dislike a moderate amount"},"7":{"Display":"Dislike a great deal"},"8":{"Display":"NA, I haven't experienced this."}},"ChoiceOrder":[1,2,3,4,5,6,7,8],"Validation":{"Settings":{"ForceResponse":"OFF","ForceResponseType":"ON","Type":"None"}},"GradingData":[],"Language":[],"NextChoiceId":9,"NextAnswerId":1,"QuestionID":"QID1","SubSelector":"TX"}},{"SurveyID":"SV_2bj9JgvqkMW5xwF","Element":"SQ","PrimaryAttribute":"QID4","SecondaryAttribute":"This is a question with a -1 recode value","TertiaryAttribute":null,"Payload":{"QuestionText":"This is a question with a -1 recode value","DataExportTag":"Q4","QuestionType":"MC","Selector":"MAVR","SubSelector":"TX","Configuration":{"QuestionDescriptionOption":"UseText","Autoscale":{"YScale":{"Name":"agreeDisagree","Type":"likert","Reverse":false}}},"QuestionDescription":"This is a question with a -1 recode value","Choices":{"1":{"Display":"Strongly agree"},"2":{"Display":"Agree"},"3":{"Display":"Somewhat agree"},"4":{"Display":"Neither agree nor disagree"},"5":{"Display":"Somewhat disagree"},"6":{"Display":"Disagree"},"7":{"Display":"Strongly disagree"},"8":{"Display":"NA, I haven't experienced this."}},"ChoiceOrder":[1,2,3,4,5,6,7,8],"Validation":{"Settings":{"ForceResponse":"OFF","ForceResponseType":"ON","Type":"None"}},"Language":[],"NextChoiceId":9,"NextAnswerId":1,"QuestionID":"QID4","RecodeValues":{"1":"1","2":"2","3":"3","4":"4","5":"5","6":"6","7":"7","8":"-1"}}},{"SurveyID":"SV_2bj9JgvqkMW5xwF","Element":"SQ","PrimaryAttribute":"QID3","SecondaryAttribute":"This is a question with a 999 and a 998 recode value.","TertiaryAttribute":null,"Payload":{"QuestionText":"This is a question with a 999 and a 998 recode value.","DefaultChoices":false,"DataExportTag":"Q3","QuestionType":"MC","Selector":"MAVR","SubSelector":"TX","Configuration":{"QuestionDescriptionOption":"UseText","Autoscale":{"YScale":{"Name":"agreeDisagree","Type":"likert","Reverse":false}}},"QuestionDescription":"This is a question with a 999 and a 998 recode value.","Choices":{"1":{"Display":"Strongly agree"},"2":{"Display":"Agree"},"3":{"Display":"Somewhat agree"},"4":{"Display":"Neither agree nor disagree"},"5":{"Display":"Somewhat disagree"},"6":{"Display":"Disagree"},"7":{"Display":"Strongly disagree"},"8":{"Display":"NA, I haven't experienced this."},"9":{"Display":"NA, I don't have any opinion."}},"ChoiceOrder":[1,2,3,4,5,6,7,8,9],"Validation":{"Settings":{"ForceResponse":"OFF","ForceResponseType":"ON","Type":"None"}},"GradingData":[],"Language":[],"NextChoiceId":10,"NextAnswerId":1,"QuestionID":"QID3","RecodeValues":{"1":"1","2":"2","3":"3","4":"4","5":"5","6":"6","7":"7","8":"999","9":"998"}}},{"SurveyID":"SV_2bj9JgvqkMW5xwF","Element":"SQ","PrimaryAttribute":"QID2","SecondaryAttribute":"This is a regular question with an NA in the middle.","TertiaryAttribute":null,"Payload":{"QuestionText":"This is a regular question with an NA in the middle.","DefaultChoices":false,"DataExportTag":"Q2","QuestionType":"MC","Selector":"MAVR","SubSelector":"TX","Configuration":{"QuestionDescriptionOption":"UseText","Autoscale":{"YScale":{"Name":"agreeDisagree","Type":"likert","Reverse":false}}},"QuestionDescription":"This is a regular question with an NA in the middle.","Choices":{"1":{"Display":"Strongly agree"},"2":{"Display":"Agree"},"3":{"Display":"Somewhat agree"},"4":{"Display":"Neither agree nor disagree"},"5":{"Display":"NA, I haven't experienced this."},"6":{"Display":"Somewhat disagree"},"7":{"Display":"Disagree"},"8":{"Display":"Strongly disagree"}},"ChoiceOrder":[1,2,3,4,5,6,7,8],"Validation":{"Settings":{"ForceResponse":"OFF","ForceResponseType":"ON","Type":"None"}},"GradingData":[],"Language":[],"NextChoiceId":9,"NextAnswerId":1,"QuestionID":"QID2"}}]}