{"SurveyEntry":{"SurveyID":"SV_77coJhLgXvGU7Wu","SurveyName":"QualtricsTools Sample Survey Winter2021","SurveyDescription":null,"SurveyOwnerID":"UR_dcCZ1K1kZEJf8ax","SurveyBrandID":"tuftsir","DivisionID":null,"SurveyLanguage":"EN","SurveyActiveResponseSet":"RS_cCN83YX6N3tlXW6","SurveyStatus":"Active","SurveyStartDate":"0000-00-00 00:00:00","SurveyExpirationDate":"0000-00-00 00:00:00","SurveyCreationDate":"2021-01-15 11:49:16","CreatorID":"UR_dcCZ1K1kZEJf8ax","LastModified":"2021-01-21 09:30:11","LastAccessed":"0000-00-00 00:00:00","LastActivated":"2021-01-21 08:51:15","Deleted":null},"SurveyElements":[{"SurveyID":"SV_77coJhLgXvGU7Wu","Element":"BL","PrimaryAttribute":"Survey Blocks","SecondaryAttribute":null,"TertiaryAttribute":null,"Payload":[{"Type":"Default","Description":"HTML CSS Formatting","ID":"BL_cBhbkcwe4yS4NJX","BlockElements":[{"Type":"Question","QuestionID":"QID2"},{"Type":"Question","QuestionID":"QID6"}],"Options":{"BlockLocking":"false","RandomizeQuestions":"false","BlockVisibility":"Expanded"}},{"Type":"Trash","Description":"Trash \/ Unused Questions","ID":"BL_d5nWFuFctQlFiIJ","BlockElements":[]},{"Type":"Standard","SubType":"","Description":"Multiple Choice Single Answer","ID":"BL_d6lIMUA7sQm5NwF","BlockElements":[{"Type":"Question","QuestionID":"QID10"},{"Type":"Question","QuestionID":"QID8"},{"Type":"Question","QuestionID":"QID33"},{"Type":"Question","QuestionID":"QID34"}]},{"Type":"Standard","SubType":"","Description":"Text Entry Questions","ID":"BL_1TyEpKzccX9aAD3","BlockElements":[{"Type":"Question","QuestionID":"QID11"},{"Type":"Question","QuestionID":"QID3"},{"Type":"Question","QuestionID":"QID1"}]},{"Type":"Standard","SubType":"","Description":"Multiple Choice Multiple Answer","ID":"BL_ekCYnymp2OqF72R","BlockElements":[{"Type":"Question","QuestionID":"QID36"},{"Type":"Question","QuestionID":"QID13"},{"Type":"Question","QuestionID":"QID15"}]},{"Type":"Standard","SubType":"","Description":"Side by Side","ID":"BL_aaw62HMhGMLwPhb","BlockElements":[{"Type":"Question","QuestionID":"QID17"}]},{"Type":"Standard","SubType":"","Description":"Multiple Choice Single Answer with Text Entry","ID":"BL_6kTJ3IBMOUILTdr","BlockElements":[{"Type":"Question","QuestionID":"QID18"},{"Type":"Question","QuestionID":"QID19"},{"Type":"Question","QuestionID":"QID20"},{"Type":"Question","QuestionID":"QID21"}]},{"Type":"Standard","SubType":"","Description":"MCMA with Text Entry","ID":"BL_eu4dOJxbPU8jkeG","BlockElements":[{"Type":"Question","QuestionID":"QID26"},{"Type":"Question","QuestionID":"QID27"}]},{"Type":"Standard","SubType":"","Description":"Matrix questions","ID":"BL_eWfMePrZtmDPzng","BlockElements":[{"Type":"Question","QuestionID":"QID7"},{"Type":"Question","QuestionID":"QID32"},{"Type":"Question","QuestionID":"QID30"},{"Type":"Question","QuestionID":"QID25"}]},{"Type":"Standard","SubType":"","Description":"Matrix Based on Display Logic and Carry Forward","ID":"BL_eWHU4kXnIdl7asu","BlockElements":[{"Type":"Question","QuestionID":"QID37"},{"Type":"Question","QuestionID":"QID38"}]}]},{"SurveyID":"SV_77coJhLgXvGU7Wu","Element":"FL","PrimaryAttribute":"Survey Flow","SecondaryAttribute":null,"TertiaryAttribute":null,"Payload":{"Type":"Root","FlowID":"FL_1","Flow":[{"Type":"Standard","ID":"BL_d6lIMUA7sQm5NwF","FlowID":"FL_3","Autofill":[]},{"Type":"Standard","ID":"BL_6kTJ3IBMOUILTdr","FlowID":"FL_7","Autofill":[]},{"Type":"Standard","ID":"BL_ekCYnymp2OqF72R","FlowID":"FL_5","Autofill":[]},{"Type":"Standard","ID":"BL_eu4dOJxbPU8jkeG","FlowID":"FL_8","Autofill":[]},{"Type":"Standard","ID":"BL_eWfMePrZtmDPzng","FlowID":"FL_9","Autofill":[]},{"Type":"Standard","ID":"BL_eWHU4kXnIdl7asu","FlowID":"FL_10","Autofill":[]},{"Type":"Standard","ID":"BL_1TyEpKzccX9aAD3","FlowID":"FL_4","Autofill":[]},{"Type":"Standard","ID":"BL_aaw62HMhGMLwPhb","FlowID":"FL_6","Autofill":[]},{"Type":"Block","ID":"BL_cBhbkcwe4yS4NJX","FlowID":"FL_2","Autofill":[]}],"Properties":{"Count":10,"RemovedFieldsets":[]}}},{"SurveyID":"SV_77coJhLgXvGU7Wu","Element":"NT","PrimaryAttribute":"NT_069oKWwinCMfflb","SecondaryAttribute":null,"TertiaryAttribute":null,"Payload":{"Notes":[{"Message":"This question is used as an example to show that summary statistics will not be processed if any of the responses on non-numeric.","ID":"NO_0TXiSY3h8KUyVIF","UserID":"UR_2gw70v5SQMEUb5P","Timestamp":1586951821,"Removed":false}],"UserStatuses":{"UR_2gw70v5SQMEUb5P":"Expanded"},"ParentID":"QID16","ID":"NT_069oKWwinCMfflb"}},{"SurveyID":"SV_77coJhLgXvGU7Wu","Element":"NT","PrimaryAttribute":"NT_1BNoQnB0LTeZJXM","SecondaryAttribute":null,"TertiaryAttribute":null,"Payload":{"Notes":[{"Message":"This is a multiple choice multiple answer question with a single text entry component. It also includes appropriate recode values to ensure that the NA options appear are sorted to the bottom.","ID":"NO_8kaTyVsHuGgybps","UserID":"UR_dcCZ1K1kZEJf8ax","Timestamp":1610728710,"Removed":false}],"UserStatuses":{"UR_dcCZ1K1kZEJf8ax":"Expanded"},"ParentID":"QID26","ID":"NT_1BNoQnB0LTeZJXM"}},{"SurveyID":"SV_77coJhLgXvGU7Wu","Element":"NT","PrimaryAttribute":"NT_20qzAWgXTdP6Y5v","SecondaryAttribute":null,"TertiaryAttribute":null,"Payload":{"Notes":[{"Message":"This is a note for the side-by-side question to be sure it will be added.","ID":"NO_78tfg7kX5M5e9lb","UserID":"UR_2gw70v5SQMEUb5P","Timestamp":1586952238,"Removed":true},{"Message":"Additional movies can be added to this test survey as desired.","ID":"NO_a3tSP2O84g5CjXL","UserID":"UR_2gw70v5SQMEUb5P","Timestamp":1586952249,"Removed":true},{"Message":"This is a side-by-side question.","ID":"NO_3eKb6iNtwH7iRBY","UserID":"UR_dcCZ1K1kZEJf8ax","Timestamp":1610728831,"Removed":false}],"UserStatuses":{"UR_2gw70v5SQMEUb5P":"Expanded","UR_dcCZ1K1kZEJf8ax":"Expanded"},"ParentID":"QID17","ID":"NT_20qzAWgXTdP6Y5v"}},{"SurveyID":"SV_77coJhLgXvGU7Wu","Element":"NT","PrimaryAttribute":"NT_2aucmNPzNDPDyvA","SecondaryAttribute":null,"TertiaryAttribute":null,"Payload":{"Notes":[{"Message":"This is a matrix question with a single text entry component.","ID":"NO_d4is5KvIBivmpTg","UserID":"UR_dcCZ1K1kZEJf8ax","Timestamp":1610728192,"Removed":false}],"UserStatuses":{"UR_dcCZ1K1kZEJf8ax":"Expanded"},"ParentID":"QID30","ID":"NT_2aucmNPzNDPDyvA"}},{"SurveyID":"SV_77coJhLgXvGU7Wu","Element":"NT","PrimaryAttribute":"NT_2fWY3qMZkgFzHL0","SecondaryAttribute":null,"TertiaryAttribute":null,"Payload":{"Notes":[{"Message":"This is a standar single answer multiple choice question.","ID":"NO_dd9w0a9KcS5PawC","UserID":"UR_dcCZ1K1kZEJf8ax","Timestamp":1610728551,"Removed":true},{"Message":"This is a standard single answer multiple choice question.","ID":"NO_2ruWnlXPJ0Oosaa","UserID":"UR_dcCZ1K1kZEJf8ax","Timestamp":1610736898,"Removed":false}],"UserStatuses":{"UR_dcCZ1K1kZEJf8ax":"Expanded","URH_1ZGPAOYl17mfMyw":"Expanded"},"ParentID":"QID10","ID":"NT_2fWY3qMZkgFzHL0"}},{"SurveyID":"SV_77coJhLgXvGU7Wu","Element":"NT","PrimaryAttribute":"NT_2hrt3WYnSDE7EJo","SecondaryAttribute":null,"TertiaryAttribute":null,"Payload":{"Notes":[{"Message":"This is a matrix question with scale points appearing as a drop down list.","ID":"NO_eQclNnOeWj6GjiK","UserID":"UR_dcCZ1K1kZEJf8ax","Timestamp":1610730149,"Removed":false}],"UserStatuses":{"UR_dcCZ1K1kZEJf8ax":"Expanded"},"ParentID":"QID32","ID":"NT_2hrt3WYnSDE7EJo"}},{"SurveyID":"SV_77coJhLgXvGU7Wu","Element":"NT","PrimaryAttribute":"NT_3JIH35YT0GtryGq","SecondaryAttribute":null,"TertiaryAttribute":null,"Payload":{"Notes":[{"Message":"This is a text entry question with display logic based on responses to a previous multiple choice question.","ID":"NO_eLMhgxyaOaHoDWK","UserID":"UR_dcCZ1K1kZEJf8ax","Timestamp":1610729064,"Removed":false}],"UserStatuses":{"UR_dcCZ1K1kZEJf8ax":"Expanded"},"ParentID":"QID34","ID":"NT_3JIH35YT0GtryGq"}},{"SurveyID":"SV_77coJhLgXvGU7Wu","Element":"NT","PrimaryAttribute":"NT_3lN5eT3ao97Nok6","SecondaryAttribute":null,"TertiaryAttribute":null,"Payload":{"Notes":[{"Message":"This is a single answer multiple choice question with a na (-1) option.","ID":"NO_4Gu2Dk0iO6f5MA6","UserID":"UR_dcCZ1K1kZEJf8ax","Timestamp":1610728574,"Removed":false}],"UserStatuses":{"UR_dcCZ1K1kZEJf8ax":"Expanded"},"ParentID":"QID8","ID":"NT_3lN5eT3ao97Nok6"}},{"SurveyID":"SV_77coJhLgXvGU7Wu","Element":"NT","PrimaryAttribute":"NT_43lnHCbrekEI7KC","SecondaryAttribute":null,"TertiaryAttribute":null,"Payload":{"Notes":[{"Message":"This is a multiple choice multiple answer question with more than one text entry component. It also includes appropriate recode values to ensure that the NA options appear are sorted to the bottom.","ID":"NO_cHKtjhE5Z8if8iy","UserID":"UR_dcCZ1K1kZEJf8ax","Timestamp":1610728729,"Removed":false}],"UserStatuses":{"UR_dcCZ1K1kZEJf8ax":"Expanded"},"ParentID":"QID27","ID":"NT_43lnHCbrekEI7KC"}},{"SurveyID":"SV_77coJhLgXvGU7Wu","Element":"NT","PrimaryAttribute":"NT_6FIDjpUmMNruVPE","SecondaryAttribute":null,"TertiaryAttribute":null,"Payload":{"Notes":[{"Message":"This question includes italic formatting in the answer choices.","ID":"NO_e8xALuLE1yXtosm","UserID":"UR_dcCZ1K1kZEJf8ax","Timestamp":1610728029,"Removed":false}],"UserStatuses":{"UR_dcCZ1K1kZEJf8ax":"Expanded"},"ParentID":"QID2","ID":"NT_6FIDjpUmMNruVPE"}},{"SurveyID":"SV_77coJhLgXvGU7Wu","Element":"NT","PrimaryAttribute":"NT_6GBj47ESqnAXCTk","SecondaryAttribute":null,"TertiaryAttribute":null,"Payload":{"Notes":[{"Message":"Each item in this matrix only appears if the responded selected that item in response to the earlier question \"mcma_standard.\" This question uses a carry forward statement, not display logic, to carry these items forward.","ID":"NO_6ffHUCsHAxGoiPA","UserID":"UR_dcCZ1K1kZEJf8ax","Timestamp":1610729673,"Removed":true},{"Message":"Each item in this matrix only appears if the responded selected that item in response to the earlier question \"mcma_standard.\" This question uses a carry forward statement, not display logic, to  determine which items display. With the Legacy exporter, QualtricsTools CANNOT process questions using carry forward statements.","ID":"NO_aguRqHPmvzu4kiW","UserID":"UR_dcCZ1K1kZEJf8ax","Timestamp":1610729735,"Removed":false}],"UserStatuses":{"UR_dcCZ1K1kZEJf8ax":"Expanded"},"ParentID":"QID38","ID":"NT_6GBj47ESqnAXCTk"}},{"SurveyID":"SV_77coJhLgXvGU7Wu","Element":"NT","PrimaryAttribute":"NT_6nHLROiMj5ZcBIW","SecondaryAttribute":null,"TertiaryAttribute":null,"Payload":{"Notes":[{"Message":"This is a standard matrix question.","ID":"NO_d5RiSmo7fmew8XY","UserID":"UR_dcCZ1K1kZEJf8ax","Timestamp":1610728133,"Removed":false}],"UserStatuses":{"UR_dcCZ1K1kZEJf8ax":"Expanded"},"ParentID":"QID7","ID":"NT_6nHLROiMj5ZcBIW"}},{"SurveyID":"SV_77coJhLgXvGU7Wu","Element":"NT","PrimaryAttribute":"NT_7UKtcIEfJgO3agS","SecondaryAttribute":null,"TertiaryAttribute":null,"Payload":{"Notes":[{"Message":"This is a multiple choice multiple answer question with recode values to ensure that the NA options appear are sorted to the bottom.","ID":"NO_02gwQjwDXRRyS9w","UserID":"UR_dcCZ1K1kZEJf8ax","Timestamp":1610728652,"Removed":true},{"Message":"This is a multiple choice multiple answer question with appropriate recode values to ensure that the NA options appear are sorted to the bottom.","ID":"NO_6KJ7uRCb0wapEFw","UserID":"UR_dcCZ1K1kZEJf8ax","Timestamp":1610728667,"Removed":false}],"UserStatuses":{"UR_dcCZ1K1kZEJf8ax":"Expanded"},"ParentID":"QID13","ID":"NT_7UKtcIEfJgO3agS"}},{"SurveyID":"SV_77coJhLgXvGU7Wu","Element":"NT","PrimaryAttribute":"NT_8iEesujKXyz5SDQ","SecondaryAttribute":null,"TertiaryAttribute":null,"Payload":{"Notes":[{"Message":"This is a standard text entry question.","ID":"NO_0SSrGqXFM0q7Hmu","UserID":"UR_dcCZ1K1kZEJf8ax","Timestamp":1610728101,"Removed":false}],"UserStatuses":{"UR_dcCZ1K1kZEJf8ax":"Expanded"},"ParentID":"QID3","ID":"NT_8iEesujKXyz5SDQ"}},{"SurveyID":"SV_77coJhLgXvGU7Wu","Element":"NT","PrimaryAttribute":"NT_br45o0nVMbZyRGC","SecondaryAttribute":null,"TertiaryAttribute":null,"Payload":{"Notes":[{"Message":"This is a matrix question with more than one text entry component.","ID":"NO_1FvIW6bOSAP9M9M","UserID":"UR_dcCZ1K1kZEJf8ax","Timestamp":1610728516,"Removed":false}],"UserStatuses":{"UR_dcCZ1K1kZEJf8ax":"Expanded"},"ParentID":"QID25","ID":"NT_br45o0nVMbZyRGC"}},{"SurveyID":"SV_77coJhLgXvGU7Wu","Element":"NT","PrimaryAttribute":"NT_cJ6b2d6CXkiyCFM","SecondaryAttribute":null,"TertiaryAttribute":null,"Payload":{"Notes":[{"Message":"Each item in this matrix only appears if the respondent selected that item in response to the earlier question \"mcma_standard.\"  Each item in the matrix has display logic based on the responses to this earlier question.","ID":"NO_1GGa4oCOzJFFba6","UserID":"UR_dcCZ1K1kZEJf8ax","Timestamp":1610729544,"Removed":false}],"UserStatuses":{"UR_dcCZ1K1kZEJf8ax":"Expanded"},"ParentID":"QID37","ID":"NT_cJ6b2d6CXkiyCFM"}},{"SurveyID":"SV_77coJhLgXvGU7Wu","Element":"NT","PrimaryAttribute":"NT_dprX47tQYIIBAP4","SecondaryAttribute":null,"TertiaryAttribute":null,"Payload":{"Notes":[{"Message":"This is a text entry question with form fields.","ID":"NO_4Ot4Dpsa49t4nNY","UserID":"UR_dcCZ1K1kZEJf8ax","Timestamp":1610728092,"Removed":false}],"UserStatuses":{"UR_dcCZ1K1kZEJf8ax":"Expanded"},"ParentID":"QID1","ID":"NT_dprX47tQYIIBAP4"}},{"SurveyID":"SV_77coJhLgXvGU7Wu","Element":"NT","PrimaryAttribute":"NT_eCGJ8FCIBtXZvWm","SecondaryAttribute":null,"TertiaryAttribute":null,"Payload":{"Notes":[{"Message":"This question includes extra formatting such as italic formatting in the matrix statements and a vertical bar between the last scale point and not applicable option.","ID":"NO_2bI5me9ZUrgWNVA","UserID":"UR_dcCZ1K1kZEJf8ax","Timestamp":1610728072,"Removed":false}],"UserStatuses":{"UR_dcCZ1K1kZEJf8ax":"Expanded"},"ParentID":"QID6","ID":"NT_eCGJ8FCIBtXZvWm"}},{"SurveyID":"SV_77coJhLgXvGU7Wu","Element":"NT","PrimaryAttribute":"NT_eWoBiqniqzpbnhQ","SecondaryAttribute":null,"TertiaryAttribute":null,"Payload":{"Notes":[{"Message":"This is a multiple choice multiple answer question without appropriate recode values to ensure that the NA options appear are sorted to the bottom.","ID":"NO_3jArrV5pW70oAxo","UserID":"UR_dcCZ1K1kZEJf8ax","Timestamp":1610728680,"Removed":false}],"UserStatuses":{"UR_dcCZ1K1kZEJf8ax":"Expanded"},"ParentID":"QID15","ID":"NT_eWoBiqniqzpbnhQ"}},{"SurveyID":"SV_77coJhLgXvGU7Wu","Element":"NT","PrimaryAttribute":"NT_ekUalPkdBbND0Md","SecondaryAttribute":null,"TertiaryAttribute":null,"Payload":{"Notes":[{"Message":"This is a test to show that the summary statistics table WILL generate.","ID":"NO_9mnogHsxaDCIzxX","UserID":"UR_2gw70v5SQMEUb5P","Timestamp":1586951843,"Removed":true},{"Message":"This is a question with content validation set to \"Number.\"","ID":"NO_4ZrDoc6iKf9PuJg","UserID":"UR_dcCZ1K1kZEJf8ax","Timestamp":1610728814,"Removed":false}],"UserStatuses":{"UR_2gw70v5SQMEUb5P":"Expanded","UR_dcCZ1K1kZEJf8ax":"Expanded"},"ParentID":"QID11","ID":"NT_ekUalPkdBbND0Md"}},{"SurveyID":"SV_77coJhLgXvGU7Wu","Element":"RS","PrimaryAttribute":"RS_cCN83YX6N3tlXW6","SecondaryAttribute":null,"TertiaryAttribute":null,"Payload":null},{"SurveyID":"SV_77coJhLgXvGU7Wu","Element":"SO","PrimaryAttribute":"Survey Options","SecondaryAttribute":null,"TertiaryAttribute":null,"Payload":{"BackButton":"false","SaveAndContinue":"true","SurveyProtection":"PublicSurvey","BallotBoxStuffingPrevention":"false","NoIndex":"Yes","SecureResponseFiles":"true","SurveyExpiration":null,"SurveyTermination":"DefaultMessage","Header":"","Footer":"","ProgressBarDisplay":"None","PartialData":"+1 week","ValidationMessage":null,"PreviousButton":" \u2190 ","NextButton":" \u2192 ","SurveyTitle":"Online Survey Software | Qualtrics Survey Solutions","SkinLibrary":"tuftsir","SkinType":"MQ","Skin":"tuftsir5","NewScoring":1,"ProtectSelectionIds":true,"EOSMessage":"","ShowExportTags":"false","CollectGeoLocation":"false","SurveyMetaDescription":"Qualtrics sophisticated online survey software solutions make creating online surveys easy. Learn more about Research Suite and get a free account today.","PasswordProtection":"No","AnonymizeResponse":"No","Password":"","RefererCheck":"No","RefererURL":"http:\/\/","UseCustomSurveyLinkCompletedMessage":null,"SurveyLinkCompletedMessage":"","SurveyLinkCompletedMessageLibrary":"","ResponseSummary":"No","EOSMessageLibrary":"","EOSRedirectURL":"https:\/\/","EmailThankYou":"false","ThankYouEmailMessageLibrary":null,"ThankYouEmailMessage":null,"ValidateMessage":"false","ValidationMessageLibrary":null,"InactiveSurvey":"DefaultMessage","PartialDataCloseAfter":"LastActivity","ActiveResponseSet":null,"InactiveMessageLibrary":"","InactiveMessage":"","AvailableLanguages":{"EN":[]},"SurveyName":"QualtricsTools Sample Survey Winter2021"}},{"SurveyID":"SV_77coJhLgXvGU7Wu","Element":"SCO","PrimaryAttribute":"Scoring","SecondaryAttribute":null,"TertiaryAttribute":null,"Payload":{"ScoringCategories":[],"ScoringCategoryGroups":[],"ScoringSummaryCategory":null,"ScoringSummaryAfterQuestions":0,"ScoringSummaryAfterSurvey":0,"DefaultScoringCategory":null,"AutoScoringCategory":null}},{"SurveyID":"SV_77coJhLgXvGU7Wu","Element":"PROJ","PrimaryAttribute":"CORE","SecondaryAttribute":null,"TertiaryAttribute":"1.1.0","Payload":{"ProjectCategory":"CORE","SchemaVersion":"1.1.0"}},{"SurveyID":"SV_77coJhLgXvGU7Wu","Element":"STAT","PrimaryAttribute":"Survey Statistics","SecondaryAttribute":null,"TertiaryAttribute":null,"Payload":{"MobileCompatible":true,"ID":"Survey Statistics"}},{"SurveyID":"SV_77coJhLgXvGU7Wu","Element":"QC","PrimaryAttribute":"Survey Question Count","SecondaryAttribute":"38","TertiaryAttribute":null,"Payload":null},{"SurveyID":"SV_77coJhLgXvGU7Wu","Element":"SQ","PrimaryAttribute":"QID17","SecondaryAttribute":"For each of the movies listed, are you aware of the movie and what is your impression of it gener...","TertiaryAttribute":null,"Payload":{"QuestionText":"For each of the movies listed, are you aware of the movie and what is your impression of it generally?","DefaultChoices":false,"DataExportTag":"sbs_notes","QuestionType":"SBS","Selector":"SBSMatrix","Configuration":{"QuestionDescriptionOption":"UseText","RepeatHeaders":"none"},"QuestionDescription":"For each of the movies listed, are you aware of the movie and what is your impression of it gener...","Choices":{"1":{"Display":"The Lion King"},"2":{"Display":"Frozen"},"3":{"Display":"Finding Nemo"},"4":{"Display":"Aladdin"},"5":{"Display":"Toy Story"},"6":{"Display":"Mulan"}},"ChoiceOrder":["1","2","3","4","5","6"],"Validation":{"Settings":{"ForceResponse":"OFF","ForceResponseType":"ON","Type":"None"}},"GradingData":[],"Language":[],"NextChoiceId":7,"NextAnswerId":5,"NumberOfQuestions":2,"AdditionalQuestions":{"1":{"Answers":{"1":{"Display":"Seen the movie"},"2":{"Display":"Heard of but have not seen"},"3":{"Display":"Never heard of"}},"QuestionText":"What is your awareness of this movie?","RecodeValues":{"1":"3","2":"2","3":"1"},"VariableNaming":[],"AnalyzeChoices":[],"QuestionType":"Matrix","Selector":"Likert","SubSelector":"SingleAnswer","ChoiceColumnWidthPixels":null,"DataExportTag":"sbs_notes#1","QuestionID":"QID17#1","Choices":{"1":{"Display":"The Lion King"},"2":{"Display":"Frozen"},"3":{"Display":"Finding Nemo"},"4":{"Display":"Aladdin"},"5":{"Display":"Toy Story"},"6":{"Display":"Mulan"}},"ChoiceDataExportTags":false,"QuestionDescription":"What is your awareness of this movie?","Configuration":{"QuestionDescriptionOption":"UseText"}},"2":{"Answers":{"1":{"Display":"Very Positive"},"2":{"Display":"Generally Positive"},"3":{"Display":"Generally Negative"},"4":{"Display":"Very Negative"},"5":{"Display":"No opinion"}},"QuestionText":"How would you rate general public feelings towards this movie?","RecodeValues":{"1":"4","2":"3","3":"2","4":"1","5":"-1"},"VariableNaming":[],"AnalyzeChoices":[],"QuestionType":"Matrix","Selector":"Likert","SubSelector":"SingleAnswer","ChoiceColumnWidthPixels":null,"DataExportTag":"sbs_notes#2","QuestionID":"QID17#2","Choices":{"1":{"Display":"The Lion King"},"2":{"Display":"Frozen"},"3":{"Display":"Finding Nemo"},"4":{"Display":"Aladdin"},"5":{"Display":"Toy Story"},"6":{"Display":"Mulan"}},"ChoiceDataExportTags":false,"QuestionDescription":"How would you rate general public feelings towards this movie?","Configuration":{"QuestionDescriptionOption":"UseText"}}},"ChoiceDataExportTags":false,"QuestionID":"QID17","RecodeValues":{"1":"1","2":"2"},"DataVisibility":{"Private":false,"Hidden":false}}},{"SurveyID":"SV_77coJhLgXvGU7Wu","Element":"SQ","PrimaryAttribute":"QID21","SecondaryAttribute":"MCMA with multiple TE","TertiaryAttribute":null,"Payload":{"QuestionText":"MCMA with multiple TE","DataExportTag":"mcma_mte","QuestionType":"MC","Selector":"MAVR","SubSelector":"TX","Configuration":{"QuestionDescriptionOption":"UseText"},"QuestionDescription":"MCMA with multiple TE","Choices":{"1":{"Display":"Option 1"},"2":{"Display":"Other:","TextEntry":"true"},"3":{"Display":"More:","TextEntry":"true"}},"ChoiceOrder":["1","2","3"],"Validation":{"Settings":{"ForceResponse":"OFF","ForceResponseType":"ON","Type":"None"}},"Language":[],"NextChoiceId":4,"NextAnswerId":1,"QuestionID":"QID21","DataVisibility":{"Private":false,"Hidden":false},"RecodeValues":{"1":"51","2":"22","3":"33"}}},{"SurveyID":"SV_77coJhLgXvGU7Wu","Element":"SQ","PrimaryAttribute":"QID20","SecondaryAttribute":"MCMA with single TE","TertiaryAttribute":null,"Payload":{"QuestionText":"MCMA with single TE","DataExportTag":"mcma_ste","QuestionType":"MC","Selector":"MAVR","SubSelector":"TX","Configuration":{"QuestionDescriptionOption":"UseText"},"QuestionDescription":"MCMA with single TE","Choices":{"1":{"Display":"Option1"},"2":{"Display":"Option 2"},"3":{"Display":"Other:","TextEntry":"true"}},"ChoiceOrder":["1","2","3"],"Validation":{"Settings":{"ForceResponse":"OFF","ForceResponseType":"ON","Type":"None"}},"Language":[],"NextChoiceId":4,"NextAnswerId":1,"QuestionID":"QID20","DataVisibility":{"Private":false,"Hidden":false}}},{"SurveyID":"SV_77coJhLgXvGU7Wu","Element":"SQ","PrimaryAttribute":"QID19","SecondaryAttribute":"MCSA with multiple text entry","TertiaryAttribute":null,"Payload":{"QuestionText":"MCSA with multiple text entry","DataExportTag":"mcsa-mte","QuestionType":"MC","Selector":"SAVR","SubSelector":"TX","Configuration":{"QuestionDescriptionOption":"UseText"},"QuestionDescription":"MCSA with multiple text entry","Choices":{"1":{"Display":"Option 1"},"2":{"Display":"Option 2"},"3":{"Display":"Option 3"},"4":{"Display":"Other:","TextEntry":"true"},"5":{"Display":"More:","TextEntry":"true"}},"ChoiceOrder":["1","2","3","4","5"],"Validation":{"Settings":{"ForceResponse":"OFF","ForceResponseType":"ON","Type":"None"}},"RecodeValues":{"1":"11","2":"22","3":"33","4":"44","5":"55"},"Language":[],"NextChoiceId":6,"NextAnswerId":1,"QuestionID":"QID19","DataVisibility":{"Private":false,"Hidden":false}}},{"SurveyID":"SV_77coJhLgXvGU7Wu","Element":"SQ","PrimaryAttribute":"QID18","SecondaryAttribute":"MCSA with single text entry","TertiaryAttribute":null,"Payload":{"QuestionText":"MCSA with single text entry","DataExportTag":"mcsa_ste","QuestionType":"MC","Selector":"SAVR","SubSelector":"TX","Configuration":{"QuestionDescriptionOption":"UseText"},"QuestionDescription":"MCSA with single text entry","Choices":{"1":{"Display":"Option1"},"2":{"Display":"Option 2"},"3":{"Display":"Other:","TextEntry":"true"}},"ChoiceOrder":["1","2","3"],"Validation":{"Settings":{"ForceResponse":"OFF","ForceResponseType":"ON","Type":"None"}},"Language":[],"NextChoiceId":4,"NextAnswerId":1,"QuestionID":"QID18","RecodeValues":{"1":"11","2":"22","3":"33"},"DataVisibility":{"Private":false,"Hidden":false}}},{"SurveyID":"SV_77coJhLgXvGU7Wu","Element":"SQ","PrimaryAttribute":"QID10","SecondaryAttribute":"Multiple choice coded with regular responses","TertiaryAttribute":null,"Payload":{"QuestionText":"Multiple choice coded with regular responses","DataExportTag":"mcsa","QuestionType":"MC","Selector":"SAVR","SubSelector":"TX","Configuration":{"QuestionDescriptionOption":"UseText"},"QuestionDescription":"Multiple choice coded with regular responses","Choices":{"1":{"Display":"Soccer"},"2":{"Display":"Softball"},"3":{"Display":"Crew"},"4":{"Display":"Track"}},"ChoiceOrder":["1","2","3","4"],"Validation":{"Settings":{"ForceResponse":"OFF","ForceResponseType":"ON","Type":"None"}},"Language":[],"NextChoiceId":5,"NextAnswerId":1,"QuestionID":"QID10","RecodeValues":{"1":"1","2":"2","3":"3","4":"4"},"DataVisibility":{"Private":false,"Hidden":false}}},{"SurveyID":"SV_77coJhLgXvGU7Wu","Element":"SQ","PrimaryAttribute":"QID33","SecondaryAttribute":"Multiple choice with drop down list.","TertiaryAttribute":null,"Payload":{"QuestionText":"Multiple choice with drop down list.","DataExportTag":"mcsa_dropdown","QuestionType":"MC","Selector":"DL","Configuration":{"QuestionDescriptionOption":"UseText"},"QuestionDescription":"Multiple choice with drop down list.","Choices":{"1":{"Display":"Soccer"},"2":{"Display":"Softball"},"3":{"Display":"Crew"},"4":{"Display":"Track"},"5":{"Display":"Other"}},"ChoiceOrder":["1","2","3","4","5"],"Validation":{"Settings":{"ForceResponse":"OFF","ForceResponseType":"ON","Type":"None"}},"Language":[],"NextChoiceId":6,"NextAnswerId":1,"QuestionID":"QID33"}},{"SurveyID":"SV_77coJhLgXvGU7Wu","Element":"SQ","PrimaryAttribute":"QID8","SecondaryAttribute":"Multiple choice with NA option coded as -1","TertiaryAttribute":null,"Payload":{"QuestionText":"Multiple choice with NA option coded as -1","DataExportTag":"mcsa_na","QuestionType":"MC","Selector":"SAVR","SubSelector":"TX","Configuration":{"QuestionDescriptionOption":"UseText"},"QuestionDescription":"Multiple choice with NA option coded as -1","Choices":{"1":{"Display":"Yes"},"2":{"Display":"Maybe"},"3":{"Display":"No"},"4":{"Display":"NA - did not use"}},"ChoiceOrder":["1","2","3","4"],"Validation":{"Settings":{"ForceResponse":"OFF","ForceResponseType":"ON","Type":"None"}},"Language":[],"NextChoiceId":5,"NextAnswerId":1,"QuestionID":"QID8","RecodeValues":{"1":"3","2":"2","3":"1","4":"-1"},"DataVisibility":{"Private":false,"Hidden":false}}},{"SurveyID":"SV_77coJhLgXvGU7Wu","Element":"SQ","PrimaryAttribute":"QID2","SecondaryAttribute":"Please evaluate this program. I consider this program...","TertiaryAttribute":null,"Payload":{"QuestionText":"Please evaluate this program.&nbsp; I consider this program...","DataExportTag":"mcsa_italic","QuestionID":"QID2","QuestionType":"MC","Selector":"SAVR","SubSelector":"TX","DataVisibility":{"Private":false,"Hidden":false},"Configuration":{"QuestionDescriptionOption":"UseText"},"QuestionDescription":"Please evaluate this program. I consider this program...","Choices":{"1":{"Display":"to be of <em>higher <\/em>quality than other programs that I considered."},"2":{"Display":"to be of <em>similar<\/em> quality to other programs that I considered."},"3":{"Display":"to be of <em>lower <\/em>quality than than other programs that I considered."},"4":{"Display":"to be of similar quality but <em>not directly comparable to<\/em> other programs that I considered."},"5":{"Display":"I don't know."}},"ChoiceOrder":["1","2","3","4","5"],"Validation":{"Settings":{"ForceResponse":"OFF","ForceResponseType":"ON","Type":"None"}},"AnalyzeChoices":{"5":"on"},"Language":[],"NextChoiceId":6,"NextAnswerId":1}},{"SurveyID":"SV_77coJhLgXvGU7Wu","Element":"SQ","PrimaryAttribute":"QID1","SecondaryAttribute":"Please provide the following information so we can contact you about this program: ","TertiaryAttribute":null,"Payload":{"QuestionText":"Please provide the following information so we can contact you about this program:&nbsp;","DefaultChoices":false,"DataExportTag":"te_form","QuestionType":"TE","Selector":"FORM","Configuration":{"QuestionDescriptionOption":"UseText"},"QuestionDescription":"Please provide the following information so we can contact you about this program: ","Validation":{"Settings":{"ForceResponse":"OFF","ForceResponseType":"ON"}},"GradingData":[],"Language":[],"NextChoiceId":7,"NextAnswerId":1,"SearchSource":{"AllowFreeResponse":"false"},"QuestionID":"QID1","DataVisibility":{"Private":false,"Hidden":false},"Choices":{"1":{"Display":"Name:","TextEntry":"on","InputWidth":190},"2":{"Display":"Mailing Address:","TextEntry":"on","InputWidth":190},"3":{"Display":"Phone Number:","TextEntry":"on","InputWidth":190}},"ChoiceOrder":["1","2","3"]}},{"SurveyID":"SV_77coJhLgXvGU7Wu","Element":"SQ","PrimaryAttribute":"QID6","SecondaryAttribute":"Please rate your agreement with the following statements:","TertiaryAttribute":null,"Payload":{"QuestionText":"Please rate your agreement with the following statements:<style type=\"text\/css\">.Skin .Matrix .c7 {\n    border-right: 1px solid #A9A9A9;\n}\n}\n<\/style>","DefaultChoices":false,"DataExportTag":"matrix_italic_nabar","QuestionType":"Matrix","Selector":"Likert","SubSelector":"SingleAnswer","DataVisibility":{"Private":false,"Hidden":false},"Configuration":{"QuestionDescriptionOption":"UseText","TextPosition":"inline","ChoiceColumnWidth":25,"RepeatHeaders":"none","WhiteSpace":"OFF","MobileFirst":true},"QuestionDescription":"Please rate your agreement with the following statements:","Choices":{"1":{"Display":"I felt welcomed by the students in <em>this program<\/em>"},"2":{"Display":"I think <em>this program<\/em> will be a good fit for my academic interests"}},"ChoiceOrder":["1","2"],"Validation":{"Settings":{"ForceResponse":"OFF","ForceResponseType":"ON","Type":"None"}},"RecodeValues":{"1":"4","2":"3","3":"2","4":"1","5":"-1"},"VariableNaming":{"1":"Strongly agree","2":"Agree","3":"Disagree","4":"Strongly disagree","5":"Not applicable"},"GradingData":[],"AnalyzeChoices":{"5":"on"},"Language":[],"NextChoiceId":4,"NextAnswerId":6,"Answers":{"1":{"Display":"Strongly agree"},"2":{"Display":"Agree"},"3":{"Display":"Disagree"},"4":{"Display":"Strongly disagree"},"5":{"Display":"Not applicable"}},"AnswerOrder":[1,2,3,4,5],"ChoiceDataExportTags":{"1":"program_agree_students","2":"program_agree_fit"},"QuestionID":"QID6"}},{"SurveyID":"SV_77coJhLgXvGU7Wu","Element":"SQ","PrimaryAttribute":"QID3","SecondaryAttribute":"Please share additional comments about your experience in your program.","TertiaryAttribute":null,"Payload":{"QuestionText":"Please share additional comments about your experience in your program.","DefaultChoices":false,"DataExportTag":"te_standard","QuestionID":"QID3","QuestionType":"TE","Selector":"ML","Configuration":{"QuestionDescriptionOption":"UseText"},"QuestionDescription":"Please share additional comments about your experience in your program.","Validation":{"Settings":{"ForceResponse":"OFF","ForceResponseType":"ON","Type":"None"}},"GradingData":[],"Language":[],"NextChoiceId":4,"NextAnswerId":1,"SearchSource":{"AllowFreeResponse":"false"},"DataVisibility":{"Private":false,"Hidden":false}}},{"SurveyID":"SV_77coJhLgXvGU7Wu","Element":"SQ","PrimaryAttribute":"QID37","SecondaryAttribute":"Rate your satisfaction with each sport.\u00a0 You will only see the sports that you selected in respon..","TertiaryAttribute":null,"Payload":{"QuestionText":"Rate your satisfaction with each sport.&nbsp; You will only see the sports that you selected in response to the \"mcma_standard\" question because this matrix uses item-level display logic.<div><br><\/div>","DefaultChoices":false,"DataExportTag":"matrix_itemlogic","QuestionType":"Matrix","Selector":"Likert","SubSelector":"SingleAnswer","Configuration":{"QuestionDescriptionOption":"UseText","TextPosition":"inline","ChoiceColumnWidth":25,"RepeatHeaders":"none","WhiteSpace":"OFF","MobileFirst":true},"QuestionDescription":"Rate your satisfaction with each sport.\u00a0 You will only see the sports that you selected in respon...","Choices":{"1":{"Display":"Soccer","DisplayLogic":{"0":{"0":{"LogicType":"Question","QuestionID":"QID36","QuestionIsInLoop":"no","ChoiceLocator":"q:\/\/QID36\/SelectableChoice\/4","Operator":"Selected","QuestionIDFromLocator":"QID36","LeftOperand":"q:\/\/QID36\/SelectableChoice\/4","Type":"Expression","Description":"<span class=\"ConjDesc\">If<\/span> <span class=\"QuestionDesc\">Standard multiple choice multiple answer.<\/span> <span class=\"LeftOpDesc\">Soccer<\/span> <span class=\"OpDesc\">Is Selected<\/span> "},"Type":"If"},"Type":"BooleanExpression","inPage":false}},"2":{"Display":"Softball","DisplayLogic":{"0":{"0":{"LogicType":"Question","QuestionID":"QID36","QuestionIsInLoop":"no","ChoiceLocator":"q:\/\/QID36\/SelectableChoice\/5","Operator":"Selected","QuestionIDFromLocator":"QID36","LeftOperand":"q:\/\/QID36\/SelectableChoice\/5","Type":"Expression","Description":"<span class=\"ConjDesc\">If<\/span> <span class=\"QuestionDesc\">Standard multiple choice multiple answer.<\/span> <span class=\"LeftOpDesc\">Softball<\/span> <span class=\"OpDesc\">Is Selected<\/span> "},"Type":"If"},"Type":"BooleanExpression","inPage":false}},"3":{"Display":"Crew","DisplayLogic":{"0":{"0":{"LogicType":"Question","QuestionID":"QID36","QuestionIsInLoop":"no","ChoiceLocator":"q:\/\/QID36\/SelectableChoice\/6","Operator":"Selected","QuestionIDFromLocator":"QID36","LeftOperand":"q:\/\/QID36\/SelectableChoice\/6","Type":"Expression","Description":"<span class=\"ConjDesc\">If<\/span> <span class=\"QuestionDesc\">Standard multiple choice multiple answer.<\/span> <span class=\"LeftOpDesc\">Crew<\/span> <span class=\"OpDesc\">Is Selected<\/span> "},"Type":"If"},"Type":"BooleanExpression","inPage":false}},"4":{"Display":"Track","DisplayLogic":{"0":{"0":{"LogicType":"Question","QuestionID":"QID36","QuestionIsInLoop":"no","ChoiceLocator":"q:\/\/QID36\/SelectableChoice\/7","Operator":"Selected","QuestionIDFromLocator":"QID36","LeftOperand":"q:\/\/QID36\/SelectableChoice\/7","Type":"Expression","Description":"<span class=\"ConjDesc\">If<\/span> <span class=\"QuestionDesc\">Standard multiple choice multiple answer.<\/span> <span class=\"LeftOpDesc\">Track<\/span> <span class=\"OpDesc\">Is Selected<\/span> "},"Type":"If"},"Type":"BooleanExpression","inPage":false}},"5":{"Display":"Baseball","DisplayLogic":{"0":{"0":{"LogicType":"Question","QuestionID":"QID36","QuestionIsInLoop":"no","ChoiceLocator":"q:\/\/QID36\/SelectableChoice\/8","Operator":"Selected","QuestionIDFromLocator":"QID36","LeftOperand":"q:\/\/QID36\/SelectableChoice\/8","Type":"Expression","Description":"<span class=\"ConjDesc\">If<\/span> <span class=\"QuestionDesc\">Standard multiple choice multiple answer.<\/span> <span class=\"LeftOpDesc\">Baseball<\/span> <span class=\"OpDesc\">Is Selected<\/span> "},"Type":"If"},"Type":"BooleanExpression","inPage":false}},"6":{"Display":"Football","DisplayLogic":{"0":{"0":{"LogicType":"Question","QuestionID":"QID36","QuestionIsInLoop":"no","ChoiceLocator":"q:\/\/QID36\/SelectableChoice\/9","Operator":"Selected","QuestionIDFromLocator":"QID36","LeftOperand":"q:\/\/QID36\/SelectableChoice\/9","Type":"Expression","Description":"<span class=\"ConjDesc\">If<\/span> <span class=\"QuestionDesc\">Standard multiple choice multiple answer.<\/span> <span class=\"LeftOpDesc\">Football<\/span> <span class=\"OpDesc\">Is Selected<\/span> "},"Type":"If"},"Type":"BooleanExpression","inPage":false}},"7":{"Display":"Basketball","DisplayLogic":{"0":{"0":{"LogicType":"Question","QuestionID":"QID36","QuestionIsInLoop":"no","ChoiceLocator":"q:\/\/QID36\/SelectableChoice\/10","Operator":"Selected","QuestionIDFromLocator":"QID36","LeftOperand":"q:\/\/QID36\/SelectableChoice\/10","Type":"Expression","Description":"<span class=\"ConjDesc\">If<\/span> <span class=\"QuestionDesc\">Standard multiple choice multiple answer.<\/span> <span class=\"LeftOpDesc\">Basketball<\/span> <span class=\"OpDesc\">Is Selected<\/span> "},"Type":"If"},"Type":"BooleanExpression","inPage":false}}},"ChoiceOrder":["1","2","3","4","5","6","7"],"Validation":{"Settings":{"ForceResponse":"OFF","ForceResponseType":"ON","Type":"None"}},"RecodeValues":{"1":"4","2":"3","3":"2","4":"1"},"GradingData":[],"Language":[],"NextChoiceId":8,"NextAnswerId":5,"Answers":{"1":{"Display":"Very satisfied"},"2":{"Display":"Satisfied"},"3":{"Display":"Dissatisfied"},"4":{"Display":"Very dissatisfied"}},"AnswerOrder":["1","2","3","4"],"ChoiceDataExportTags":{"1":"soccer","2":"softball","3":"crew","4":"track","5":"baseball","6":"football","7":"basketball"},"QuestionID":"QID37"}},{"SurveyID":"SV_77coJhLgXvGU7Wu","Element":"SQ","PrimaryAttribute":"QID38","SecondaryAttribute":"Rate your satisfaction with each sport.\u00a0 You will only see the sports that you selected in respon..","TertiaryAttribute":null,"Payload":{"QuestionText":"Rate your satisfaction with each sport.&nbsp; You will only see the sports that you selected in response to the \"mcma_standard\" question because this question uses a carry forward statement.<div><br><\/div>","DefaultChoices":false,"DataExportTag":"matrix_carryforward","QuestionType":"Matrix","Selector":"Likert","SubSelector":"SingleAnswer","DataVisibility":{"Private":false,"Hidden":false},"Configuration":{"QuestionDescriptionOption":"UseText","TextPosition":"inline","ChoiceColumnWidth":25,"RepeatHeaders":"none","WhiteSpace":"OFF","MobileFirst":true},"QuestionDescription":"Rate your satisfaction with each sport.\u00a0 You will only see the sports that you selected in respon...","Choices":[],"DynamicChoices":{"DynamicType":"ChoiceGroup","Locator":"q:\/\/QID36\/ChoiceGroup\/SelectedChoices","Type":"Dynamic","Description":"Selected Choices"},"DynamicChoicesData":[],"ChoiceOrder":[],"Validation":{"Settings":{"ForceResponse":"OFF","ForceResponseType":"ON","Type":"None"}},"RecodeValues":{"1":"4","2":"3","3":"2","4":"1"},"GradingData":[],"Language":[],"NextChoiceId":8,"NextAnswerId":5,"Answers":{"1":{"Display":"Very satisfied"},"2":{"Display":"Satisfied"},"3":{"Display":"Dissatisfied"},"4":{"Display":"Very dissatisfied"}},"AnswerOrder":["1","2","3","4"],"ChoiceDataExportTags":{"x4":"Q38_x4","x5":"Q38_x5","x6":"Q38_x6","x7":"Q38_x7","x8":"Q38_x8","x9":"Q38_x9","x10":"Q38_x10"},"QuestionID":"QID38"}},{"SurveyID":"SV_77coJhLgXvGU7Wu","Element":"SQ","PrimaryAttribute":"QID13","SecondaryAttribute":"Select all choices that apply. This is a question with a 999, 998 and a 997 recode value.","TertiaryAttribute":null,"Payload":{"QuestionText":"Select all choices that apply. This is a question with a 999, 998 and a 997 recode value.","DataExportTag":"mcma_sort","QuestionType":"MC","Selector":"MAVR","SubSelector":"TX","Configuration":{"QuestionDescriptionOption":"UseText","Autoscale":{"YScale":{"Name":"agreeDisagree","Type":"likert","Reverse":false}}},"QuestionDescription":"Select all choices that apply. This is a question with a 999, 998 and a 997 recode value.","Choices":{"4":{"Display":"Soccer"},"5":{"Display":"Softball"},"6":{"Display":"Crew"},"7":{"Display":"Track"},"8":{"Display":"Baseball"},"9":{"Display":"Football"},"10":{"Display":"Basketball"},"11":{"Display":"NA, I haven't experienced this. (999)","ExclusiveAnswer":true},"12":{"Display":"NA, I don't have any opinion. (997)","ExclusiveAnswer":true},"13":{"Display":"NA, I really just don't care. (998)","ExclusiveAnswer":true}},"ChoiceOrder":["4","5","6","7","8","9","10","11","12","13"],"Validation":{"Settings":{"ForceResponse":"OFF","ForceResponseType":"ON","Type":"None"}},"Language":[],"NextChoiceId":14,"NextAnswerId":1,"QuestionID":"QID13","RecodeValues":{"4":"1","5":"2","6":"3","7":"4","8":"5","9":"6","10":"7","11":"999","12":"997","13":"998"},"DataVisibility":{"Private":false,"Hidden":false}}},{"SurveyID":"SV_77coJhLgXvGU7Wu","Element":"SQ","PrimaryAttribute":"QID26","SecondaryAttribute":"Select all choices that apply. This is a question with a 999, 998 and a 997 recode value.","TertiaryAttribute":null,"Payload":{"QuestionText":"Select all choices that apply. This is a question with a 999, 998 and a 997 recode value.","QuestionType":"MC","Selector":"MAVR","SubSelector":"TX","Configuration":{"QuestionDescriptionOption":"UseText","Autoscale":{"YScale":{"Name":"agreeDisagree","Type":"likert","Reverse":false}}},"QuestionDescription":"Select all choices that apply. This is a question with a 999, 998 and a 997 recode value.","Choices":{"4":{"Display":"Soccer"},"5":{"Display":"Frisbee"},"6":{"Display":"Climbing"},"7":{"Display":"Track"},"8":{"Display":"Baseball"},"9":{"Display":"Hockey"},"10":{"Display":"Basketball"},"11":{"Display":"NA, I haven't experienced this. (999)","ExclusiveAnswer":true},"12":{"Display":"NA, I don't have any opinion. (997)","ExclusiveAnswer":true},"13":{"Display":"NA, I really just don't care. (998)","ExclusiveAnswer":true},"14":{"Display":"Other sport, please specify:","TextEntry":"true"}},"ChoiceOrder":["4","5","6","7","8","9","10","14","11","12","13"],"Validation":{"Settings":{"ForceResponse":"OFF","ForceResponseType":"ON","Type":"None"}},"Language":[],"NextChoiceId":15,"NextAnswerId":1,"RecodeValues":{"4":"4","5":"5","6":"6","7":"7","8":"8","9":"9","10":"10","11":"999","12":"997","13":"998","14":"1000"},"DataVisibility":{"Private":false,"Hidden":false},"QuestionText_Unsafe":"Select all choices that apply. This is a question with a 999, 998 and a 997 recode value.","DataExportTag":"mcma_te1","QuestionID":"QID26"}},{"SurveyID":"SV_77coJhLgXvGU7Wu","Element":"SQ","PrimaryAttribute":"QID15","SecondaryAttribute":"Select all choices that apply. This is the same question but without recode values.","TertiaryAttribute":null,"Payload":{"QuestionText":"Select all choices that apply. This is the same question but without recode values.","DataExportTag":"mcma_nosort","QuestionType":"MC","Selector":"MAVR","SubSelector":"TX","DataVisibility":{"Private":false,"Hidden":false},"Configuration":{"QuestionDescriptionOption":"UseText","Autoscale":{"YScale":{"Name":"agreeDisagree","Type":"likert","Reverse":false}}},"QuestionDescription":"Select all choices that apply. This is the same question but without recode values.","Choices":{"4":{"Display":"Soccer"},"5":{"Display":"Softball"},"6":{"Display":"Crew"},"7":{"Display":"Track"},"8":{"Display":"Baseball"},"9":{"Display":"Football"},"10":{"Display":"Basketball"},"11":{"Display":"NA, I haven't experienced this.","ExclusiveAnswer":true},"12":{"Display":"NA, I don't have any opinion.","ExclusiveAnswer":true},"13":{"Display":"NA, I really just don't care....","ExclusiveAnswer":true}},"ChoiceOrder":["4","5","6","7","8","9","10","11","12","13"],"Validation":{"Settings":{"ForceResponse":"OFF","ForceResponseType":"ON","Type":"None"}},"Language":[],"NextChoiceId":14,"NextAnswerId":1,"QuestionID":"QID15"}},{"SurveyID":"SV_77coJhLgXvGU7Wu","Element":"SQ","PrimaryAttribute":"QID27","SecondaryAttribute":"Select all choices that apply. This is the same question but without recode values.","TertiaryAttribute":null,"Payload":{"QuestionText":"Select all choices that apply. This is the same question but without recode values.","QuestionType":"MC","Selector":"MAVR","SubSelector":"TX","DataVisibility":{"Private":false,"Hidden":false},"Configuration":{"QuestionDescriptionOption":"UseText","Autoscale":{"YScale":{"Name":"agreeDisagree","Type":"likert","Reverse":false}}},"QuestionDescription":"Select all choices that apply. This is the same question but without recode values.","Choices":{"4":{"Display":"Soccer"},"5":{"Display":"Frisbee"},"6":{"Display":"Climbing"},"7":{"Display":"Track. Please specify season:","TextEntry":"true"},"8":{"Display":"Baseball"},"9":{"Display":"Hockey"},"10":{"Display":"Basketball"},"11":{"Display":"NA, I haven't experienced this.","ExclusiveAnswer":true},"12":{"Display":"NA, I don't have any opinion.","ExclusiveAnswer":true},"13":{"Display":"NA, I really just don't care....","ExclusiveAnswer":true},"14":{"Display":"Other sport, please specify:","TextEntry":"true"}},"ChoiceOrder":["4","5","6","7","8","9","10","14","11","12","13"],"Validation":{"Settings":{"ForceResponse":"OFF","ForceResponseType":"ON","Type":"None"}},"Language":[],"NextChoiceId":15,"NextAnswerId":1,"QuestionText_Unsafe":"Select all choices that apply. This is the same question but without recode values.","DataExportTag":"mcma_te2","QuestionID":"QID27"}},{"SurveyID":"SV_77coJhLgXvGU7Wu","Element":"SQ","PrimaryAttribute":"QID36","SecondaryAttribute":"Standard multiple choice multiple answer.","TertiaryAttribute":null,"Payload":{"QuestionText":"Standard multiple choice multiple answer.","DataExportTag":"mcma_standard","QuestionType":"MC","Selector":"MAVR","SubSelector":"TX","DataVisibility":{"Private":false,"Hidden":false},"Configuration":{"QuestionDescriptionOption":"UseText","Autoscale":{"YScale":{"Name":"agreeDisagree","Type":"likert","Reverse":false}}},"QuestionDescription":"Standard multiple choice multiple answer.","Choices":{"4":{"Display":"Soccer"},"5":{"Display":"Softball"},"6":{"Display":"Crew"},"7":{"Display":"Track"},"8":{"Display":"Baseball"},"9":{"Display":"Football"},"10":{"Display":"Basketball"}},"ChoiceOrder":["4","5","6","7","8","9","10"],"Validation":{"Settings":{"ForceResponse":"OFF","ForceResponseType":"ON","Type":"None"}},"RecodeValues":{"4":"1","5":"2","6":"3","7":"4","8":"5","9":"6","10":"7"},"Language":[],"NextChoiceId":14,"NextAnswerId":1,"QuestionID":"QID36"}},{"SurveyID":"SV_77coJhLgXvGU7Wu","Element":"SQ","PrimaryAttribute":"QID30","SecondaryAttribute":"This is a matrix question with a single text entry component.\u00a0 Please rate your satisfaction with..","TertiaryAttribute":null,"Payload":{"QuestionText":"This is a matrix question with a single text entry component.&nbsp; Please rate your satisfaction with the following services at Tufts:<style type=\"text\/css\">.Skin .Matrix .c7 {\n    border-right: 1px solid #A9A9A9;\n}\n}\n<\/style>","DefaultChoices":false,"DataExportTag":"matrix_te1","QuestionType":"Matrix","Selector":"Likert","SubSelector":"SingleAnswer","DataVisibility":{"Private":false,"Hidden":false},"Configuration":{"QuestionDescriptionOption":"UseText","TextPosition":"inline","ChoiceColumnWidth":25,"RepeatHeaders":"none","WhiteSpace":"OFF","MobileFirst":true},"QuestionDescription":"This is a matrix question with a single text entry component.\u00a0 Please rate your satisfaction with...","Choices":{"1":{"Display":"Library"},"2":{"Display":"Fitness Center"},"4":{"Display":"Health Services"},"6":{"Display":"Other, please specify:","TextEntry":"true"}},"ChoiceOrder":["1","2","4","6"],"Validation":{"Settings":{"ForceResponse":"OFF","ForceResponseType":"ON","Type":"None"}},"RecodeValues":{"1":"4","2":"3","3":"2","4":"1","5":"-1"},"VariableNaming":{"1":"Strongly agree","2":"Agree","3":"Disagree","4":"Strongly disagree","5":"Not applicable"},"GradingData":[],"AnalyzeChoices":{"5":"on"},"Language":[],"NextChoiceId":7,"NextAnswerId":6,"Answers":{"1":{"Display":"Very satisfied"},"2":{"Display":"Satisfied"},"3":{"Display":"Dissatisfied"},"4":{"Display":"Very dissatisfied"},"5":{"Display":"Not applicable"}},"AnswerOrder":[1,2,3,4,5],"ChoiceDataExportTags":{"1":"library","2":"fitness","4":"health","6":"other"},"QuestionID":"QID30"}},{"SurveyID":"SV_77coJhLgXvGU7Wu","Element":"SQ","PrimaryAttribute":"QID32","SecondaryAttribute":"This is a matrix question with scale points appearing as a drop down list. How helpful has your a...","TertiaryAttribute":null,"Payload":{"QuestionText":"This is a matrix question with scale points appearing as a drop down list.&nbsp; How helpful has your advisor been in each area?","DefaultChoices":false,"DataExportTag":"matrix_dropdown","QuestionType":"Matrix","Selector":"Likert","SubSelector":"DL","DataVisibility":{"Private":false,"Hidden":false},"Configuration":{"QuestionDescriptionOption":"UseText","TextPosition":"inline","ChoiceColumnWidth":25,"MobileFirst":false},"QuestionDescription":"This is a matrix question with scale points appearing as a drop down list. How helpful has your a...","Choices":{"1":{"Display":"Selecting thesis committee members"},"2":{"Display":"Developing your research focus"},"5":{"Display":"Exploring your career options"},"7":{"Display":"Professional networking"}},"ChoiceOrder":[1,2,5,7],"Validation":{"Settings":{"ForceResponse":"OFF","ForceResponseType":"ON","Type":"None"}},"RecodeValues":{"1":"4","2":"3","3":"2","4":"1","5":"-1"},"GradingData":[],"AnalyzeChoices":{"5":"on"},"Language":[],"NextChoiceId":8,"NextAnswerId":6,"Answers":{"1":{"Display":"Very helpful"},"2":{"Display":"Somewhat helpful"},"3":{"Display":"Not too helpful"},"4":{"Display":"Not at all helpful"},"5":{"Display":"Not applicable"}},"AnswerOrder":[1,2,3,4,5],"ChoiceDataExportTags":{"1":"committee","2":"research","5":"career","7":"network"},"QuestionID":"QID32"}},{"SurveyID":"SV_77coJhLgXvGU7Wu","Element":"SQ","PrimaryAttribute":"QID25","SecondaryAttribute":"This is a matrix with multiple text entry components. Please rate your satisfaction with the foll...","TertiaryAttribute":null,"Payload":{"QuestionText":"This is a matrix with multiple text entry components. Please rate your satisfaction with the following aspects of your education at Tufts:<style type=\"text\/css\">.Skin .Matrix .c7 {\n    border-right: 1px solid #A9A9A9;\n}\n}\n<\/style>","DefaultChoices":false,"DataExportTag":"matrixte_te2","QuestionType":"Matrix","Selector":"Likert","SubSelector":"SingleAnswer","DataVisibility":{"Private":false,"Hidden":false},"Configuration":{"QuestionDescriptionOption":"UseText","TextPosition":"inline","ChoiceColumnWidth":25,"RepeatHeaders":"none","WhiteSpace":"OFF","MobileFirst":true},"QuestionDescription":"This is a matrix with multiple text entry components. Please rate your satisfaction with the foll...","Choices":{"1":{"Display":"Quality of classes"},"2":{"Display":"Responsiveness of faculty"},"4":{"Display":"Sense of community"},"5":{"Display":"Extracurricular opportunities, please specify:","TextEntry":"true"},"6":{"Display":"Other, please specify:","TextEntry":"true"}},"ChoiceOrder":["1","2","4","5","6"],"Validation":{"Settings":{"ForceResponse":"OFF","ForceResponseType":"ON","Type":"None"}},"RecodeValues":{"1":"4","2":"3","3":"2","4":"1","5":"-1"},"VariableNaming":{"1":"Strongly agree","2":"Agree","3":"Disagree","4":"Strongly disagree","5":"Not applicable"},"GradingData":[],"AnalyzeChoices":{"5":"on"},"Language":[],"NextChoiceId":7,"NextAnswerId":6,"Answers":{"1":{"Display":"Very satisfied"},"2":{"Display":"Satisfied"},"3":{"Display":"Dissatisfied"},"4":{"Display":"Very dissatisfied"},"5":{"Display":"Not applicable"}},"AnswerOrder":[1,2,3,4,5],"ChoiceDataExportTags":{"1":"class","2":"faculty","4":"community","5":"extracurricular","6":"other"},"QuestionID":"QID25"}},{"SurveyID":"SV_77coJhLgXvGU7Wu","Element":"SQ","PrimaryAttribute":"QID7","SecondaryAttribute":"This is a standard matrix question. Please rate your satisfaction with the following aspects of y...","TertiaryAttribute":null,"Payload":{"QuestionText":"This is a standard matrix question. Please rate your satisfaction with the following aspects of your experience:&nbsp;","DefaultChoices":false,"DataExportTag":"matrix_standard","QuestionType":"Matrix","Selector":"Likert","SubSelector":"SingleAnswer","DataVisibility":{"Private":false,"Hidden":false},"Configuration":{"QuestionDescriptionOption":"UseText","TextPosition":"inline","ChoiceColumnWidth":25,"RepeatHeaders":"none","WhiteSpace":"OFF","MobileFirst":true},"QuestionDescription":"This is a standard matrix question. Please rate your satisfaction with the following aspects of y...","Choices":{"1":{"Display":"Communications with program staff"},"2":{"Display":"Interactions with students in program"}},"ChoiceOrder":["1","2"],"Validation":{"Settings":{"ForceResponse":"OFF","ForceResponseType":"ON","Type":"None"}},"RecodeValues":{"1":"4","2":"3","3":"2","6":"1"},"VariableNaming":{"1":"Strongly agree","2":"Agree","3":"Disagree","6":"Very dissatisfied"},"GradingData":[],"Language":[],"NextChoiceId":4,"NextAnswerId":7,"Answers":{"1":{"Display":"Very satisfied"},"2":{"Display":"Satisfied"},"3":{"Display":"Dissatisfied"},"6":{"Display":"Very dissatisfied"}},"AnswerOrder":[1,2,3,"6"],"ChoiceDataExportTags":{"1":"program_sat_staff","2":"program_sat_interact"},"QuestionID":"QID7"}},{"SurveyID":"SV_77coJhLgXvGU7Wu","Element":"SQ","PrimaryAttribute":"QID11","SecondaryAttribute":"This is a text entry question with numeric validation. All values are numeric, so this generates...","TertiaryAttribute":null,"Payload":{"QuestionText":"This is a text entry question with numeric validation. All values are numeric, so this generates a table of summary statistics. How many hours do you spend on homework per week?","DefaultChoices":false,"DataExportTag":"te_numeric","QuestionType":"TE","Selector":"SL","Configuration":{"QuestionDescriptionOption":"UseText"},"QuestionDescription":"This is a text entry question with numeric validation. All values are numeric, so this generates...","Validation":{"Settings":{"ForceResponse":"OFF","ForceResponseType":"ON","Type":"ContentType","ContentType":"ValidNumber","ValidDateType":"DateWithFormat","ValidPhoneType":"ValidUSPhone","ValidZipType":"ValidUSZip"}},"GradingData":[],"Language":[],"NextChoiceId":4,"NextAnswerId":1,"SearchSource":{"AllowFreeResponse":"false"},"QuestionID":"QID11","DataVisibility":{"Private":false,"Hidden":false}}},{"SurveyID":"SV_77coJhLgXvGU7Wu","Element":"SQ","PrimaryAttribute":"QID34","SecondaryAttribute":"You selected \"Other\" in response to the previous question. Please explain:","TertiaryAttribute":null,"Payload":{"QuestionText":"You selected \"Other\" in response to the previous question. Please explain:","DefaultChoices":false,"DataExportTag":"mcsa_followup","QuestionID":"QID34","QuestionType":"TE","Selector":"SL","Configuration":{"QuestionDescriptionOption":"UseText"},"QuestionDescription":"You selected \"Other\" in response to the previous question. Please explain:","DisplayLogic":{"0":{"0":{"LogicType":"Question","QuestionID":"QID33","QuestionIsInLoop":"no","ChoiceLocator":"q:\/\/QID33\/SelectableChoice\/5","Operator":"Selected","QuestionIDFromLocator":"QID33","LeftOperand":"q:\/\/QID33\/SelectableChoice\/5","Type":"Expression","Description":"<span class=\"ConjDesc\">If<\/span> <span class=\"QuestionDesc\">Multiple choice with drop down list.<\/span> <span class=\"LeftOpDesc\">Other<\/span> <span class=\"OpDesc\">Is Selected<\/span> "},"Type":"If"},"Type":"BooleanExpression","inPage":false},"Validation":{"Settings":{"ForceResponse":"OFF","ForceResponseType":"ON","Type":"None"}},"GradingData":[],"Language":[],"NextChoiceId":4,"NextAnswerId":1,"SearchSource":{"AllowFreeResponse":"false"}}}]}