{"SurveyEntry":{"SurveyID":"SV_brpsQncFqe5ie6V","SurveyName":"Dummy Enhancement Sample Survey","SurveyDescription":null,"SurveyOwnerID":"URH_1ZGPAOYl17mfMyw","SurveyBrandID":"tuftsir","DivisionID":null,"SurveyLanguage":"EN","SurveyActiveResponseSet":"RS_dnvDJYIyg4UwOgZ","SurveyStatus":"Active","SurveyStartDate":"0000-00-00 00:00:00","SurveyExpirationDate":"0000-00-00 00:00:00","SurveyCreationDate":"2020-03-19 10:39:07","CreatorID":"URH_1ZGPAOYl17mfMyw","LastModified":"2020-04-07 09:05:00","LastAccessed":"0000-00-00 00:00:00","LastActivated":"2020-03-30 11:32:27","Deleted":null},"SurveyElements":[{"SurveyID":"SV_brpsQncFqe5ie6V","Element":"BL","PrimaryAttribute":"Survey Blocks","SecondaryAttribute":null,"TertiaryAttribute":null,"Payload":[{"Type":"Default","Description":"HTML Cleaning","ID":"BL_cBhbkcwe4yS4NJX","BlockElements":[{"Type":"Question","QuestionID":"QID1"},{"Type":"Question","QuestionID":"QID2"},{"Type":"Question","QuestionID":"QID6"},{"Type":"Question","QuestionID":"QID7"},{"Type":"Question","QuestionID":"QID3"}],"Options":{"BlockLocking":"false","RandomizeQuestions":"false","BlockVisibility":"Expanded"}},{"Type":"Trash","Description":"Trash \/ Unused Questions","ID":"BL_d5nWFuFctQlFiIJ","BlockElements":[{"Type":"Question","QuestionID":"QID5"},{"Type":"Question","QuestionID":"QID4"},{"Type":"Question","QuestionID":"QID9"},{"Type":"Question","QuestionID":"QID12"},{"Type":"Question","QuestionID":"QID14"}]},{"Type":"Standard","SubType":"","Description":"MCSA with and without NA options","ID":"BL_d6lIMUA7sQm5NwF","BlockElements":[{"Type":"Question","QuestionID":"QID8"},{"Type":"Question","QuestionID":"QID10"}]},{"Type":"Standard","SubType":"","Description":"Summary Stats","ID":"BL_1TyEpKzccX9aAD3","BlockElements":[{"Type":"Question","QuestionID":"QID11"}]},{"Type":"Standard","SubType":"","Description":"MCMA Sorting Enhancement","ID":"BL_ekCYnymp2OqF72R","BlockElements":[{"Type":"Question","QuestionID":"QID13"},{"Type":"Question","QuestionID":"QID15"}]}]},{"SurveyID":"SV_brpsQncFqe5ie6V","Element":"FL","PrimaryAttribute":"Survey Flow","SecondaryAttribute":null,"TertiaryAttribute":null,"Payload":{"Flow":[{"ID":"BL_cBhbkcwe4yS4NJX","Type":"Block","FlowID":"FL_2"},{"ID":"BL_d6lIMUA7sQm5NwF","Type":"Standard","FlowID":"FL_3"},{"ID":"BL_ekCYnymp2OqF72R","Type":"Standard","FlowID":"FL_5"},{"ID":"BL_1TyEpKzccX9aAD3","Type":"Standard","FlowID":"FL_4"}],"Properties":{"Count":5},"FlowID":"FL_1","Type":"Root"}},{"SurveyID":"SV_brpsQncFqe5ie6V","Element":"SO","PrimaryAttribute":"Survey Options","SecondaryAttribute":null,"TertiaryAttribute":null,"Payload":{"BackButton":"false","SaveAndContinue":"true","SurveyProtection":"PublicSurvey","BallotBoxStuffingPrevention":"false","NoIndex":"Yes","SecureResponseFiles":"true","SurveyExpiration":"None","SurveyTermination":"DefaultMessage","Header":"","Footer":"","ProgressBarDisplay":"None","PartialData":"+1 week","ValidationMessage":"","PreviousButton":" \u2190 ","NextButton":" \u2192 ","SurveyTitle":"Online Survey Software | Qualtrics Survey Solutions","SkinLibrary":"tuftsir","SkinType":"MQ","Skin":"tuftsir5","NewScoring":1,"SurveyName":"Dummy Enhancement Sample Survey","ProtectSelectionIds":true}},{"SurveyID":"SV_brpsQncFqe5ie6V","Element":"SCO","PrimaryAttribute":"Scoring","SecondaryAttribute":null,"TertiaryAttribute":null,"Payload":{"ScoringCategories":[],"ScoringCategoryGroups":[],"ScoringSummaryCategory":null,"ScoringSummaryAfterQuestions":0,"ScoringSummaryAfterSurvey":0,"DefaultScoringCategory":null,"AutoScoringCategory":null}},{"SurveyID":"SV_brpsQncFqe5ie6V","Element":"PROJ","PrimaryAttribute":"CORE","SecondaryAttribute":null,"TertiaryAttribute":"1.1.0","Payload":{"ProjectCategory":"CORE","SchemaVersion":"1.1.0"}},{"SurveyID":"SV_brpsQncFqe5ie6V","Element":"STAT","PrimaryAttribute":"Survey Statistics","SecondaryAttribute":null,"TertiaryAttribute":null,"Payload":{"MobileCompatible":true,"ID":"Survey Statistics"}},{"SurveyID":"SV_brpsQncFqe5ie6V","Element":"QC","PrimaryAttribute":"Survey Question Count","SecondaryAttribute":"15","TertiaryAttribute":null,"Payload":null},{"SurveyID":"SV_brpsQncFqe5ie6V","Element":"SQ","PrimaryAttribute":"QID5","SecondaryAttribute":"Click to write the question text","TertiaryAttribute":null,"Payload":{"QuestionText":"Click to write the question text","DataExportTag":"Q5","QuestionType":"MC","Selector":"SAVR","SubSelector":"TX","Configuration":{"QuestionDescriptionOption":"UseText"},"QuestionDescription":"Click to write the question text","Choices":{"1":{"Display":"Click to write Choice 1"},"2":{"Display":"Click to write Choice 2"},"3":{"Display":"Click to write Choice 3"}},"ChoiceOrder":["1","2","3"],"Validation":{"Settings":{"ForceResponse":"OFF","ForceResponseType":"ON","Type":"None"}},"Language":[],"NextChoiceId":4,"NextAnswerId":1,"QuestionID":"QID5"}},{"SurveyID":"SV_brpsQncFqe5ie6V","Element":"SQ","PrimaryAttribute":"QID9","SecondaryAttribute":"Click to write the question text","TertiaryAttribute":null,"Payload":{"QuestionText":"Click to write the question text","DataExportTag":"Q9","QuestionType":"MC","Selector":"SAVR","SubSelector":"TX","Configuration":{"QuestionDescriptionOption":"UseText"},"QuestionDescription":"Click to write the question text","Choices":{"1":{"Display":"Click to write Choice 1"},"2":{"Display":"Click to write Choice 2"},"3":{"Display":"Click to write Choice 3"}},"ChoiceOrder":["1","2","3"],"Validation":{"Settings":{"ForceResponse":"OFF","ForceResponseType":"ON","Type":"None"}},"Language":[],"NextChoiceId":4,"NextAnswerId":1,"QuestionID":"QID9"}},{"SurveyID":"SV_brpsQncFqe5ie6V","Element":"RS","PrimaryAttribute":"RS_dnvDJYIyg4UwOgZ","SecondaryAttribute":"Default Response Set","TertiaryAttribute":null,"Payload":null},{"SurveyID":"SV_brpsQncFqe5ie6V","Element":"SQ","PrimaryAttribute":"QID11","SecondaryAttribute":"How many of something ?","TertiaryAttribute":null,"Payload":{"QuestionText":"How many of something ?","DefaultChoices":false,"DataExportTag":"Q11","QuestionType":"TE","Selector":"SL","Configuration":{"QuestionDescriptionOption":"UseText"},"QuestionDescription":"How many of something ?","Validation":{"Settings":{"ForceResponse":"OFF","ForceResponseType":"ON","Type":"ContentType","ContentType":"ValidNumber","ValidDateType":"DateWithFormat","ValidPhoneType":"ValidUSPhone","ValidZipType":"ValidUSZip"}},"GradingData":[],"Language":[],"NextChoiceId":4,"NextAnswerId":1,"SearchSource":{"AllowFreeResponse":"false"},"QuestionID":"QID11"}},{"SurveyID":"SV_brpsQncFqe5ie6V","Element":"SQ","PrimaryAttribute":"QID10","SecondaryAttribute":"Multiple choice coded with regular responses","TertiaryAttribute":null,"Payload":{"QuestionText":"Multiple choice coded with regular responses","DataExportTag":"Q10","QuestionType":"MC","Selector":"SAVR","SubSelector":"TX","Configuration":{"QuestionDescriptionOption":"UseText"},"QuestionDescription":"Multiple choice coded with regular responses","Choices":{"1":{"Display":"Soccer"},"2":{"Display":"Frisbee"},"3":{"Display":"Climbing"},"4":{"Display":"Running"}},"ChoiceOrder":["1","2","3","4"],"Validation":{"Settings":{"ForceResponse":"OFF","ForceResponseType":"ON","Type":"None"}},"Language":[],"NextChoiceId":5,"NextAnswerId":1,"QuestionID":"QID10","RecodeValues":{"1":"1","2":"2","3":"3","4":"4"}}},{"SurveyID":"SV_brpsQncFqe5ie6V","Element":"SQ","PrimaryAttribute":"QID8","SecondaryAttribute":"Multiple choice with NA option coded","TertiaryAttribute":null,"Payload":{"QuestionText":"Multiple choice with NA option coded","DataExportTag":"Q8","QuestionType":"MC","Selector":"SAVR","SubSelector":"TX","Configuration":{"QuestionDescriptionOption":"UseText"},"QuestionDescription":"Multiple choice with NA option coded","Choices":{"1":{"Display":"Yes"},"2":{"Display":"Maybe"},"3":{"Display":"No"},"4":{"Display":"NA - did not use"}},"ChoiceOrder":["1","2","3","4"],"Validation":{"Settings":{"ForceResponse":"OFF","ForceResponseType":"ON","Type":"None"}},"Language":[],"NextChoiceId":5,"NextAnswerId":1,"QuestionID":"QID8","RecodeValues":{"1":"3","2":"2","3":"1","4":"-1"}}},{"SurveyID":"SV_brpsQncFqe5ie6V","Element":"SQ","PrimaryAttribute":"QID4","SecondaryAttribute":"Number of things","TertiaryAttribute":null,"Payload":{"QuestionText":"Number of things","DefaultChoices":false,"DataExportTag":"Q4","QuestionID":"QID4","QuestionType":"TE","Selector":"SL","Configuration":{"QuestionDescriptionOption":"UseText"},"QuestionDescription":"Number of things","Validation":{"Settings":{"ForceResponse":"OFF","ForceResponseType":"ON","Type":"ContentType","ContentType":"ValidNumber","ValidDateType":"DateWithFormat","ValidPhoneType":"ValidUSPhone","ValidZipType":"ValidUSZip"}},"GradingData":[],"Language":[],"NextChoiceId":4,"NextAnswerId":1,"SearchSource":{"AllowFreeResponse":"false"}}},{"SurveyID":"SV_brpsQncFqe5ie6V","Element":"SQ","PrimaryAttribute":"QID2","SecondaryAttribute":"Please evaluate this program. I consider this program...","TertiaryAttribute":null,"Payload":{"QuestionText":"Please evaluate this program.&nbsp; I consider this program...","DataExportTag":"program_compare","QuestionID":"QID2","QuestionType":"MC","Selector":"SAVR","SubSelector":"TX","DataVisibility":{"Private":false,"Hidden":false},"Configuration":{"QuestionDescriptionOption":"UseText"},"QuestionDescription":"Please evaluate this program. I consider this program...","Choices":{"1":{"Display":"to be of <em>higher <\/em>quality than other programs that I considered."},"2":{"Display":"to be of <em>similar<\/em> quality to other programs that I considered."},"3":{"Display":"to be of <em>lower <\/em>quality than than other programs that I considered."},"4":{"Display":"to be of similar quality but <em>not directly comparable to<\/em> other programs that I considered."},"5":{"Display":"I don't know."}},"ChoiceOrder":["1","2","3","4","5"],"Validation":{"Settings":{"ForceResponse":"OFF","ForceResponseType":"ON","Type":"None"}},"AnalyzeChoices":{"5":"on"},"Language":[],"NextChoiceId":6,"NextAnswerId":1}},{"SurveyID":"SV_brpsQncFqe5ie6V","Element":"SQ","PrimaryAttribute":"QID1","SecondaryAttribute":"Please provide the following information so we can contact you about this program:\u00a0Name, Mailing...","TertiaryAttribute":null,"Payload":{"QuestionText":"Please provide the following information so we can contact you about this program:&nbsp;<strong><span style=\"font-size:10.0pt;mso-bidi-font-size:12.0pt;font-family:&quot;Arial&quot;,sans-serif;\nmso-fareast-font-family:Cambria;mso-fareast-theme-font:minor-latin;mso-ansi-language:\nEN-US;mso-fareast-language:EN-US;mso-bidi-language:AR-SA\">Name, Mailing Address, Phone Number<\/span><\/strong>","DefaultChoices":false,"DataExportTag":"program_contact","QuestionType":"TE","Selector":"FORM","Configuration":{"QuestionDescriptionOption":"UseText"},"QuestionDescription":"Please provide the following information so we can contact you about this program:\u00a0Name, Mailing...","Validation":{"Settings":{"ForceResponse":"OFF","ForceResponseType":"ON","Type":null}},"GradingData":[],"Language":[],"NextChoiceId":7,"NextAnswerId":1,"SearchSource":{"AllowFreeResponse":"false"},"QuestionID":"QID1","DataVisibility":{"Private":false,"Hidden":false},"Choices":{"1":{"Display":"Name:","TextEntry":"on","InputWidth":190},"2":{"Display":"Mailing Address:","TextEntry":"on","InputWidth":190},"3":{"Display":"Phone Number:","TextEntry":"on","InputWidth":190}},"ChoiceOrder":["1","2","3"]}},{"SurveyID":"SV_brpsQncFqe5ie6V","Element":"SQ","PrimaryAttribute":"QID6","SecondaryAttribute":"Please rate your agreement with the following statements:","TertiaryAttribute":null,"Payload":{"QuestionText":"Please rate your agreement with the following statements:<style type=\"text\/css\">.Skin .Matrix .c7 {\n    border-right: 1px solid #A9A9A9;\n}\n}\n<\/style>","DefaultChoices":false,"DataExportTag":"program_agree","QuestionType":"Matrix","Selector":"Likert","SubSelector":"SingleAnswer","DataVisibility":{"Private":false,"Hidden":false},"Configuration":{"QuestionDescriptionOption":"UseText","TextPosition":"inline","ChoiceColumnWidth":25,"RepeatHeaders":"none","WhiteSpace":"OFF","MobileFirst":true},"QuestionDescription":"Please rate your agreement with the following statements:","Choices":{"1":{"Display":"I felt welcomed by the students in <em>this program<\/em>"},"2":{"Display":"I think <em>this program<\/em> will be a good fit for my academic interests"}},"ChoiceOrder":["1","2"],"Validation":{"Settings":{"ForceResponse":"OFF","ForceResponseType":"ON","Type":"None"}},"RecodeValues":{"1":"4","2":"3","3":"2","4":"1","5":"-1"},"VariableNaming":{"1":"Strongly agree","2":"Agree","3":"Disagree","4":"Strongly disagree","5":"Not applicable"},"GradingData":[],"AnalyzeChoices":{"5":"on"},"Language":[],"NextChoiceId":4,"NextAnswerId":6,"Answers":{"1":{"Display":"Strongly agree"},"2":{"Display":"Agree"},"3":{"Display":"Disagree"},"4":{"Display":"Strongly disagree"},"5":{"Display":"Not applicable"}},"AnswerOrder":[1,2,3,4,5],"ChoiceDataExportTags":{"1":"students","2":"fit"},"QuestionID":"QID6"}},{"SurveyID":"SV_brpsQncFqe5ie6V","Element":"SQ","PrimaryAttribute":"QID7","SecondaryAttribute":"Please rate your satisfaction with the following aspects of your experience:","TertiaryAttribute":null,"Payload":{"QuestionText":"Please rate your satisfaction with the following aspects of your experience:<style type=\"text\/css\">.Skin .Matrix .c7 {\n    border-right: 1px solid #A9A9A9;\n}\n}\n<\/style>","DefaultChoices":false,"DataExportTag":"program_sat","QuestionType":"Matrix","Selector":"Likert","SubSelector":"SingleAnswer","DataVisibility":{"Private":false,"Hidden":false},"Configuration":{"QuestionDescriptionOption":"UseText","TextPosition":"inline","ChoiceColumnWidth":25,"RepeatHeaders":"none","WhiteSpace":"OFF","MobileFirst":true},"QuestionDescription":"Please rate your satisfaction with the following aspects of your experience:","Choices":{"1":{"Display":"Communications with program staff"},"2":{"Display":"Interactions with students in program"}},"ChoiceOrder":["1","2"],"Validation":{"Settings":{"ForceResponse":"OFF","ForceResponseType":"ON","Type":"None"}},"RecodeValues":{"1":"4","2":"3","3":"2","4":"1","5":"-1"},"VariableNaming":{"1":"Strongly agree","2":"Agree","3":"Disagree","4":"Strongly disagree","5":"Not applicable"},"GradingData":[],"AnalyzeChoices":{"5":"on"},"Language":[],"NextChoiceId":4,"NextAnswerId":6,"Answers":{"1":{"Display":"Very satisfied"},"2":{"Display":"Satisfied"},"3":{"Display":"Dissatisfied"},"4":{"Display":"Very dissatisfied"},"5":{"Display":"Not applicable"}},"AnswerOrder":[1,2,3,4,5],"ChoiceDataExportTags":{"1":"staff","2":"interact"},"QuestionID":"QID7"}},{"SurveyID":"SV_brpsQncFqe5ie6V","Element":"SQ","PrimaryAttribute":"QID12","SecondaryAttribute":"This is a question with a -1 recode value","TertiaryAttribute":null,"Payload":{"QuestionText":"This is a question with a -1 recode value","DataExportTag":"Q12","QuestionType":"MC","Selector":"MAVR","SubSelector":"TX","Configuration":{"QuestionDescriptionOption":"UseText","Autoscale":{"YScale":{"Name":"agreeDisagree","Type":"likert","Reverse":false}}},"QuestionDescription":"This is a question with a -1 recode value","Choices":{"4":{"Display":"Strongly agree"},"5":{"Display":"Agree"},"6":{"Display":"Somewhat agree"},"7":{"Display":"Neither agree nor disagree"},"8":{"Display":"Somewhat disagree"},"9":{"Display":"Disagree"},"10":{"Display":"Strongly disagree"},"13":{"Display":"NA, I haven't experienced this."}},"ChoiceOrder":["4","5","6","7","8","9","10","13"],"Validation":{"Settings":{"ForceResponse":"OFF","ForceResponseType":"ON","Type":"None"}},"Language":[],"NextChoiceId":14,"NextAnswerId":1,"QuestionID":"QID12","DataVisibility":{"Private":false,"Hidden":false},"RecodeValues":{"4":"4","5":"5","6":"6","7":"7","8":"8","9":"9","10":"10","13":"-1"}}},{"SurveyID":"SV_brpsQncFqe5ie6V","Element":"SQ","PrimaryAttribute":"QID13","SecondaryAttribute":"This is a question with a 999, 998 and a 997 recode value.","TertiaryAttribute":null,"Payload":{"QuestionText":"This is a question with a 999, 998 and a 997 recode value.","DataExportTag":"Q13","QuestionType":"MC","Selector":"MAVR","SubSelector":"TX","Configuration":{"QuestionDescriptionOption":"UseText","Autoscale":{"YScale":{"Name":"agreeDisagree","Type":"likert","Reverse":false}}},"QuestionDescription":"This is a question with a 999, 998 and a 997 recode value.","Choices":{"4":{"Display":"Strongly agree"},"5":{"Display":"Agree"},"6":{"Display":"Somewhat agree"},"7":{"Display":"Neither agree nor disagree"},"8":{"Display":"Somewhat disagree"},"9":{"Display":"Disagree"},"10":{"Display":"Strongly disagree"},"11":{"Display":"NA, I haven't experienced this."},"12":{"Display":"NA, I don't have any opinion."},"13":{"Display":"NA, I really just don't care...."}},"ChoiceOrder":["4","5","6","7","11","8","9","10","12","13"],"Validation":{"Settings":{"ForceResponse":"OFF","ForceResponseType":"ON","Type":"None"}},"Language":[],"NextChoiceId":14,"NextAnswerId":1,"QuestionID":"QID13","RecodeValues":{"4":"4","5":"5","6":"6","7":"7","8":"8","9":"9","10":"10","11":"999","12":"997","13":"998"}}},{"SurveyID":"SV_brpsQncFqe5ie6V","Element":"SQ","PrimaryAttribute":"QID3","SecondaryAttribute":"This is just a normal question to see if everything is fine.","TertiaryAttribute":null,"Payload":{"QuestionText":"This is just a normal question to see if everything is fine.","DefaultChoices":false,"DataExportTag":"Q3","QuestionID":"QID3","QuestionType":"TE","Selector":"ML","Configuration":{"QuestionDescriptionOption":"UseText"},"QuestionDescription":"This is just a normal question to see if everything is fine.","Validation":{"Settings":{"ForceResponse":"OFF","ForceResponseType":"ON","Type":"None"}},"GradingData":[],"Language":[],"NextChoiceId":4,"NextAnswerId":1,"SearchSource":{"AllowFreeResponse":"false"},"DataVisibility":{"Private":false,"Hidden":false}}},{"SurveyID":"SV_brpsQncFqe5ie6V","Element":"SQ","PrimaryAttribute":"QID14","SecondaryAttribute":"This is the sa","TertiaryAttribute":null,"Payload":{"QuestionText":"This is the sa","DataExportTag":"Q14","QuestionType":"MC","Selector":"SAVR","SubSelector":"TX","Configuration":{"QuestionDescriptionOption":"UseText"},"QuestionDescription":"This is the sa","Choices":{"1":{"Display":"Click to write Choice 1"},"2":{"Display":"Click to write Choice 2"},"3":{"Display":"Click to write Choice 3"}},"ChoiceOrder":["1","2","3"],"Validation":{"Settings":{"ForceResponse":"OFF","ForceResponseType":"ON","Type":"None"}},"Language":[],"NextChoiceId":4,"NextAnswerId":1,"QuestionID":"QID14"}},{"SurveyID":"SV_brpsQncFqe5ie6V","Element":"SQ","PrimaryAttribute":"QID15","SecondaryAttribute":"This is the same question but without recode values.","TertiaryAttribute":null,"Payload":{"QuestionText":"This is the same question but without recode values.","DataExportTag":"Q15","QuestionType":"MC","Selector":"MAVR","SubSelector":"TX","DataVisibility":{"Private":false,"Hidden":false},"Configuration":{"QuestionDescriptionOption":"UseText","Autoscale":{"YScale":{"Name":"agreeDisagree","Type":"likert","Reverse":false}}},"QuestionDescription":"This is the same question but without recode values.","Choices":{"4":{"Display":"Strongly agree"},"5":{"Display":"Agree"},"6":{"Display":"Somewhat agree"},"7":{"Display":"Neither agree nor disagree"},"8":{"Display":"Somewhat disagree"},"9":{"Display":"Disagree"},"10":{"Display":"Strongly disagree"},"11":{"Display":"NA, I haven't experienced this."},"12":{"Display":"NA, I don't have any opinion."},"13":{"Display":"NA, I really just don't care...."}},"ChoiceOrder":["4","5","6","7","11","8","9","10","12","13"],"Validation":{"Settings":{"ForceResponse":"OFF","ForceResponseType":"ON","Type":"None"}},"Language":[],"NextChoiceId":14,"NextAnswerId":1,"QuestionID":"QID15"}}]}