{"SurveyEntry":{"SurveyID":"SV_brpsQncFqe5ie6V","SurveyName":"Dummy Survey to Test","SurveyDescription":null,"SurveyOwnerID":"URH_1ZGPAOYl17mfMyw","SurveyBrandID":"tuftsir","DivisionID":null,"SurveyLanguage":"EN","SurveyActiveResponseSet":"RS_dnvDJYIyg4UwOgZ","SurveyStatus":"Inactive","SurveyStartDate":"0000-00-00 00:00:00","SurveyExpirationDate":"0000-00-00 00:00:00","SurveyCreationDate":"2020-03-19 10:39:07","CreatorID":"URH_1ZGPAOYl17mfMyw","LastModified":"2020-03-19 10:51:48","LastAccessed":"0000-00-00 00:00:00","LastActivated":"0000-00-00 00:00:00","Deleted":null},"SurveyElements":[{"SurveyID":"SV_brpsQncFqe5ie6V","Element":"BL","PrimaryAttribute":"Survey Blocks","SecondaryAttribute":null,"TertiaryAttribute":null,"Payload":[{"Type":"Default","Description":"HTML Cleaning","ID":"BL_cBhbkcwe4yS4NJX","BlockElements":[{"Type":"Question","QuestionID":"QID1"},{"Type":"Question","QuestionID":"QID2"},{"Type":"Question","QuestionID":"QID3"},{"Type":"Question","QuestionID":"QID4"}]},{"Type":"Trash","Description":"Trash \/ Unused Questions","ID":"BL_d5nWFuFctQlFiIJ"}]},{"SurveyID":"SV_brpsQncFqe5ie6V","Element":"FL","PrimaryAttribute":"Survey Flow","SecondaryAttribute":null,"TertiaryAttribute":null,"Payload":{"Flow":[{"ID":"BL_cBhbkcwe4yS4NJX","Type":"Block","FlowID":"FL_2"}],"Properties":{"Count":2},"FlowID":"FL_1","Type":"Root"}},{"SurveyID":"SV_brpsQncFqe5ie6V","Element":"SO","PrimaryAttribute":"Survey Options","SecondaryAttribute":null,"TertiaryAttribute":null,"Payload":{"BackButton":"false","SaveAndContinue":"true","SurveyProtection":"PublicSurvey","BallotBoxStuffingPrevention":"false","NoIndex":"Yes","SecureResponseFiles":"true","SurveyExpiration":"None","SurveyTermination":"DefaultMessage","Header":"","Footer":"","ProgressBarDisplay":"None","PartialData":"+1 week","ValidationMessage":"","PreviousButton":" \u2190 ","NextButton":" \u2192 ","SurveyTitle":"Online Survey Software | Qualtrics Survey Solutions","SkinLibrary":"tuftsir","SkinType":"MQ","Skin":"tuftsir5","NewScoring":1,"SurveyName":"Dummy Survey to Test"}},{"SurveyID":"SV_brpsQncFqe5ie6V","Element":"SCO","PrimaryAttribute":"Scoring","SecondaryAttribute":null,"TertiaryAttribute":null,"Payload":{"ScoringCategories":[],"ScoringCategoryGroups":[],"ScoringSummaryCategory":null,"ScoringSummaryAfterQuestions":0,"ScoringSummaryAfterSurvey":0,"DefaultScoringCategory":null,"AutoScoringCategory":null}},{"SurveyID":"SV_brpsQncFqe5ie6V","Element":"PROJ","PrimaryAttribute":"CORE","SecondaryAttribute":null,"TertiaryAttribute":"1.1.0","Payload":{"ProjectCategory":"CORE","SchemaVersion":"1.1.0"}},{"SurveyID":"SV_brpsQncFqe5ie6V","Element":"STAT","PrimaryAttribute":"Survey Statistics","SecondaryAttribute":null,"TertiaryAttribute":null,"Payload":{"MobileCompatible":true,"ID":"Survey Statistics"}},{"SurveyID":"SV_brpsQncFqe5ie6V","Element":"QC","PrimaryAttribute":"Survey Question Count","SecondaryAttribute":"4","TertiaryAttribute":null,"Payload":null},{"SurveyID":"SV_brpsQncFqe5ie6V","Element":"RS","PrimaryAttribute":"RS_dnvDJYIyg4UwOgZ","SecondaryAttribute":"Default Response Set","TertiaryAttribute":null,"Payload":null},{"SurveyID":"SV_brpsQncFqe5ie6V","Element":"SQ","PrimaryAttribute":"QID2","SecondaryAttribute":"How comfortable or uncomfortable would you feel approaching an Athletic Trainer not assigned to y...","TertiaryAttribute":null,"Payload":{"QuestionText":"How comfortable or uncomfortable would you feel approaching an Athletic Trainer&lt;b&gt; &lt;u&gt;not&lt;\\\/u&gt;&amp;nbsp;assigned to your sport &lt;\\\/b&gt;with an issue?","DefaultChoices":false,"DataExportTag":"Q2","QuestionID":"QID2","QuestionType":"DB","Selector":"TB","Configuration":{"QuestionDescriptionOption":"UseText"},"QuestionDescription":"How comfortable or uncomfortable would you feel approaching an Athletic Trainer not assigned to y...","ChoiceOrder":[],"Validation":{"Settings":{"Type":"None"}},"GradingData":[],"Language":[],"NextChoiceId":8,"NextAnswerId":1}},{"SurveyID":"SV_brpsQncFqe5ie6V","Element":"SQ","PrimaryAttribute":"QID4","SecondaryAttribute":"Number of things","TertiaryAttribute":null,"Payload":{"QuestionText":"Number of things","DefaultChoices":false,"DataExportTag":"Q4","QuestionID":"QID4","QuestionType":"TE","Selector":"SL","Configuration":{"QuestionDescriptionOption":"UseText"},"QuestionDescription":"Number of things","Validation":{"Settings":{"ForceResponse":"OFF","ForceResponseType":"ON","Type":"ContentType","ContentType":"ValidNumber","ValidDateType":"DateWithFormat","ValidPhoneType":"ValidUSPhone","ValidZipType":"ValidUSZip"}},"GradingData":[],"Language":[],"NextChoiceId":4,"NextAnswerId":1,"SearchSource":{"AllowFreeResponse":"false"}}},{"SurveyID":"SV_brpsQncFqe5ie6V","Element":"SQ","PrimaryAttribute":"QID3","SecondaryAttribute":"The following set of questions ask about your team's Head Coach, ${e:\\\/\\\/Field\\\/headcoach} . You...","TertiaryAttribute":null,"Payload":{"QuestionText":"The following set of questions ask about your team's Head Coach,&amp;nbsp;&lt;b&gt;${e:\\\/\\\/Field\\\/headcoach}&lt;\\\/b&gt;. You will have an opportunity to share feedback about&amp;nbsp;other coaches in a later section.","DefaultChoices":false,"DataExportTag":"Q3","QuestionID":"QID3","QuestionType":"TE","Selector":"SL","Configuration":{"QuestionDescriptionOption":"UseText"},"QuestionDescription":"The following set of questions ask about your team's Head Coach, ${e:\\\/\\\/Field\\\/headcoach} . You...","Validation":{"Settings":{"ForceResponse":"OFF","ForceResponseType":"ON","Type":"None"}},"GradingData":[],"Language":[],"NextChoiceId":4,"NextAnswerId":1,"SearchSource":{"AllowFreeResponse":"false"}}},{"SurveyID":"SV_brpsQncFqe5ie6V","Element":"SQ","PrimaryAttribute":"QID1","SecondaryAttribute":"You selected \\\"Work in business or industry (for-profit enterprise)\\\" [as your career goal when y...","TertiaryAttribute":null,"Payload":{"QuestionText":"You selected \\\"Work in business or industry (for-profit enterprise)\\\"&lt;span style=\\\"font-family: arial, helvetica, sans-serif; font-size: 13.3333px;\\\"&gt;&amp;nbsp;[as your career goal when you entered graduate school]&lt;\\\/span&gt;. Please specify:","DefaultChoices":false,"DataExportTag":"Q1","QuestionType":"TE","Selector":"SL","Configuration":{"QuestionDescriptionOption":"UseText"},"QuestionDescription":"You selected \\\"Work in business or industry (for-profit enterprise)\\\" [as your career goal when y...","Validation":{"Settings":{"ForceResponse":"OFF","ForceResponseType":"ON","Type":"None"}},"GradingData":[],"Language":[],"NextChoiceId":4,"NextAnswerId":1,"SearchSource":{"AllowFreeResponse":"false"},"QuestionID":"QID1"}}]}